
Microsoft Visual Studio Solution File, Format Version 11.00
# Visual Studio 2010
Project("{8BC9CEB8-8B4A-11D0-8D11-00A0C91BC942}") = "ModelEditorCore", "ModelEditorCore\ModelEditorCore.vcxproj", "{4C1BF54E-D8FD-4147-B05E-85D9ACFAA71F}"
EndProject
Project("{FAE04EC0-301F-11D3-BF4B-00C04F79EFBC}") = "ModelEditor", "ModelEditor\ModelEditor.csproj", "{EE56757F-FC8F-42AE-8959-BFA4E1888D69}"
EndProject
Global
	GlobalSection(TeamFoundationVersionControl) = preSolution
		SccNumberOfProjects = 3
		SccEnterpriseProvider = {4CA58AB2-18FA-4F8D-95D4-32DDF27D184C}
		SccTeamFoundationServer = https://tfs.codeplex.com/tfs/tfs02
		SccLocalPath0 = .
		SccProjectUniqueName1 = ModelEditorCore\\ModelEditorCore.vcxproj
		SccProjectName1 = ModelEditorCore
		SccLocalPath1 = ModelEditorCore
		SccProjectUniqueName2 = ModelEditor\\ModelEditor.csproj
		SccProjectName2 = ModelEditor
		SccLocalPath2 = ModelEditor
	EndGlobalSection
	GlobalSection(SolutionConfigurationPlatforms) = preSolution
		Debug|Mixed Platforms = Debug|Mixed Platforms
		Debug|Win32 = Debug|Win32
		Debug|x86 = Debug|x86
		Release|Mixed Platforms = Release|Mixed Platforms
		Release|Win32 = Release|Win32
		Release|x86 = Release|x86
	EndGlobalSection
	GlobalSection(ProjectConfigurationPlatforms) = postSolution
		{4C1BF54E-D8FD-4147-B05E-85D9ACFAA71F}.Debug|Mixed Platforms.ActiveCfg = Debug|Win32
		{4C1BF54E-D8FD-4147-B05E-85D9ACFAA71F}.Debug|Mixed Platforms.Build.0 = Debug|Win32
		{4C1BF54E-D8FD-4147-B05E-85D9ACFAA71F}.Debug|Win32.ActiveCfg = Debug|Win32
		{4C1BF54E-D8FD-4147-B05E-85D9ACFAA71F}.Debug|Win32.Build.0 = Debug|Win32
		{4C1BF54E-D8FD-4147-B05E-85D9ACFAA71F}.Debug|x86.ActiveCfg = Debug|Win32
		{4C1BF54E-D8FD-4147-B05E-85D9ACFAA71F}.Release|Mixed Platforms.ActiveCfg = Release|Win32
		{4C1BF54E-D8FD-4147-B05E-85D9ACFAA71F}.Release|Mixed Platforms.Build.0 = Release|Win32
		{4C1BF54E-D8FD-4147-B05E-85D9ACFAA71F}.Release|Win32.ActiveCfg = Release|Win32
		{4C1BF54E-D8FD-4147-B05E-85D9ACFAA71F}.Release|Win32.Build.0 = Release|Win32
		{4C1BF54E-D8FD-4147-B05E-85D9ACFAA71F}.Release|x86.ActiveCfg = Release|Win32
		{EE56757F-FC8F-42AE-8959-BFA4E1888D69}.Debug|Mixed Platforms.ActiveCfg = Debug|x86
		{EE56757F-FC8F-42AE-8959-BFA4E1888D69}.Debug|Mixed Platforms.Build.0 = Debug|x86
		{EE56757F-FC8F-42AE-8959-BFA4E1888D69}.Debug|Win32.ActiveCfg = Debug|x86
		{EE56757F-FC8F-42AE-8959-BFA4E1888D69}.Debug|x86.ActiveCfg = Debug|x86
		{EE56757F-FC8F-42AE-8959-BFA4E1888D69}.Debug|x86.Build.0 = Debug|x86
		{EE56757F-FC8F-42AE-8959-BFA4E1888D69}.Release|Mixed Platforms.ActiveCfg = Release|x86
		{EE56757F-FC8F-42AE-8959-BFA4E1888D69}.Release|Mixed Platforms.Build.0 = Release|x86
		{EE56757F-FC8F-42AE-8959-BFA4E1888D69}.Release|Win32.ActiveCfg = Release|x86
		{EE56757F-FC8F-42AE-8959-BFA4E1888D69}.Release|x86.ActiveCfg = Release|x86
		{EE56757F-FC8F-42AE-8959-BFA4E1888D69}.Release|x86.Build.0 = Release|x86
	EndGlobalSection
	GlobalSection(SolutionProperties) = preSolution
		HideSolutionNode = FALSE
	EndGlobalSection
EndGlobal
