
Microsoft Visual Studio Solution File, Format Version 11.00
# Visual Studio 2010
Project("{8BC9CEB8-8B4A-11D0-8D11-00A0C91BC942}") = "Vle", "Vle\Vle.vcxproj", "{DB1B5FE7-E36B-46E1-848C-1A8F5BB19006}"
EndProject
Project("{2150E333-8FDC-42A3-9474-1A3956D46DE8}") = "Release Folder", "Release Folder", "{55245844-B477-46FD-A052-8B2228B18913}"
	ProjectSection(SolutionItems) = preProject
		..\vlpp\Readme.txt = ..\vlpp\Readme.txt
	EndProjectSection
EndProject
Project("{2150E333-8FDC-42A3-9474-1A3956D46DE8}") = "ScriptSample", "ScriptSample", "{B13234DD-4997-47ED-AED1-DFFAFC7F521E}"
EndProject
Project("{2150E333-8FDC-42A3-9474-1A3956D46DE8}") = "HelloWorld", "HelloWorld", "{EB0D451B-8B8A-46A0-AB5E-222E8B713B39}"
	ProjectSection(SolutionItems) = preProject
		..\vlpp\ScriptSample\HelloWorld\Build.bat = ..\vlpp\ScriptSample\HelloWorld\Build.bat
		..\vlpp\ScriptSample\HelloWorld\HelloWorld.AssemblyList.txt = ..\vlpp\ScriptSample\HelloWorld\HelloWorld.AssemblyList.txt
		..\vlpp\ScriptSample\HelloWorld\HelloWorld.Make.txt = ..\vlpp\ScriptSample\HelloWorld\HelloWorld.Make.txt
		..\vlpp\ScriptSample\HelloWorld\HelloWorld.NativeX.txt = ..\vlpp\ScriptSample\HelloWorld\HelloWorld.NativeX.txt
		..\vlpp\ScriptSample\HelloWorld\Run.bat = ..\vlpp\ScriptSample\HelloWorld\Run.bat
	EndProjectSection
EndProject
Project("{2150E333-8FDC-42A3-9474-1A3956D46DE8}") = "UnitTest", "UnitTest", "{A4970786-98AB-438A-82CB-9BE10FA8BF52}"
	ProjectSection(SolutionItems) = preProject
		..\vlpp\ScriptSample\UnitTest\Build.bat = ..\vlpp\ScriptSample\UnitTest\Build.bat
		..\vlpp\ScriptSample\UnitTest\Run.bat = ..\vlpp\ScriptSample\UnitTest\Run.bat
		..\vlpp\ScriptSample\UnitTest\UnitTest.AssemblyList.txt = ..\vlpp\ScriptSample\UnitTest\UnitTest.AssemblyList.txt
		..\vlpp\ScriptSample\UnitTest\UnitTest.Make.txt = ..\vlpp\ScriptSample\UnitTest\UnitTest.Make.txt
		..\vlpp\ScriptSample\UnitTest\UnitTest.NativeX.txt = ..\vlpp\ScriptSample\UnitTest\UnitTest.NativeX.txt
	EndProjectSection
EndProject
Project("{2150E333-8FDC-42A3-9474-1A3956D46DE8}") = "GuessNumber", "GuessNumber", "{0DA99CD2-01A6-4303-8C9A-B90083116DC6}"
	ProjectSection(SolutionItems) = preProject
		..\vlpp\ScriptSample\GuessNumber\Build.bat = ..\vlpp\ScriptSample\GuessNumber\Build.bat
		..\vlpp\ScriptSample\GuessNumber\GuessNumber.AssemblyList.txt = ..\vlpp\ScriptSample\GuessNumber\GuessNumber.AssemblyList.txt
		..\vlpp\ScriptSample\GuessNumber\GuessNumber.Make.txt = ..\vlpp\ScriptSample\GuessNumber\GuessNumber.Make.txt
		..\vlpp\ScriptSample\GuessNumber\GuessNumber.NativeX.txt = ..\vlpp\ScriptSample\GuessNumber\GuessNumber.NativeX.txt
		..\vlpp\ScriptSample\GuessNumber\Run.bat = ..\vlpp\ScriptSample\GuessNumber\Run.bat
	EndProjectSection
EndProject
Project("{2150E333-8FDC-42A3-9474-1A3956D46DE8}") = "CrossAssemblyInvoking", "CrossAssemblyInvoking", "{6FA447C2-6680-4B45-AF81-EDDB3FDDEBCA}"
	ProjectSection(SolutionItems) = preProject
		..\vlpp\ScriptSample\CrossAssemblyInvoking\Build.bat = ..\vlpp\ScriptSample\CrossAssemblyInvoking\Build.bat
		..\vlpp\ScriptSample\CrossAssemblyInvoking\RunCalculator.bat = ..\vlpp\ScriptSample\CrossAssemblyInvoking\RunCalculator.bat
		..\vlpp\ScriptSample\CrossAssemblyInvoking\RunExpressionUnitTest.bat = ..\vlpp\ScriptSample\CrossAssemblyInvoking\RunExpressionUnitTest.bat
	EndProjectSection
EndProject
Project("{2150E333-8FDC-42A3-9474-1A3956D46DE8}") = "Calculator", "Calculator", "{E4B68DAA-5C69-4DC0-8BBE-4A1AEB99F2DA}"
	ProjectSection(SolutionItems) = preProject
		..\vlpp\ScriptSample\CrossAssemblyInvoking\Calculator\Calculator.AssemblyList.txt = ..\vlpp\ScriptSample\CrossAssemblyInvoking\Calculator\Calculator.AssemblyList.txt
		..\vlpp\ScriptSample\CrossAssemblyInvoking\Calculator\Calculator.Make.txt = ..\vlpp\ScriptSample\CrossAssemblyInvoking\Calculator\Calculator.Make.txt
		..\vlpp\ScriptSample\CrossAssemblyInvoking\Calculator\Calculator.NativeX.txt = ..\vlpp\ScriptSample\CrossAssemblyInvoking\Calculator\Calculator.NativeX.txt
	EndProjectSection
EndProject
Project("{2150E333-8FDC-42A3-9474-1A3956D46DE8}") = "Expression", "Expression", "{FF0CFEF0-4431-455D-AB7F-510FFA809E44}"
	ProjectSection(SolutionItems) = preProject
		..\vlpp\ScriptSample\CrossAssemblyInvoking\Expression\Expression.Make.txt = ..\vlpp\ScriptSample\CrossAssemblyInvoking\Expression\Expression.Make.txt
		..\vlpp\ScriptSample\CrossAssemblyInvoking\Expression\ExpressionDestructor.NativeX.txt = ..\vlpp\ScriptSample\CrossAssemblyInvoking\Expression\ExpressionDestructor.NativeX.txt
		..\vlpp\ScriptSample\CrossAssemblyInvoking\Expression\ExpressionEvaluator.NativeX.txt = ..\vlpp\ScriptSample\CrossAssemblyInvoking\Expression\ExpressionEvaluator.NativeX.txt
		..\vlpp\ScriptSample\CrossAssemblyInvoking\Expression\ExpressionParser.NativeX.txt = ..\vlpp\ScriptSample\CrossAssemblyInvoking\Expression\ExpressionParser.NativeX.txt
		..\vlpp\ScriptSample\CrossAssemblyInvoking\Expression\ExpressionPrinter.NativeX.txt = ..\vlpp\ScriptSample\CrossAssemblyInvoking\Expression\ExpressionPrinter.NativeX.txt
		..\vlpp\ScriptSample\CrossAssemblyInvoking\Expression\ExpressionTree.NativeX.txt = ..\vlpp\ScriptSample\CrossAssemblyInvoking\Expression\ExpressionTree.NativeX.txt
	EndProjectSection
EndProject
Project("{2150E333-8FDC-42A3-9474-1A3956D46DE8}") = "ExpressionUnitTest", "ExpressionUnitTest", "{A4E34F6D-19B3-447F-9BA9-E68F52A125E0}"
	ProjectSection(SolutionItems) = preProject
		..\vlpp\ScriptSample\CrossAssemblyInvoking\ExpressionUnitTest\ExpressionUnitTest.AssemblyList.txt = ..\vlpp\ScriptSample\CrossAssemblyInvoking\ExpressionUnitTest\ExpressionUnitTest.AssemblyList.txt
		..\vlpp\ScriptSample\CrossAssemblyInvoking\ExpressionUnitTest\ExpressionUnitTest.Make.txt = ..\vlpp\ScriptSample\CrossAssemblyInvoking\ExpressionUnitTest\ExpressionUnitTest.Make.txt
		..\vlpp\ScriptSample\CrossAssemblyInvoking\ExpressionUnitTest\ExpressionUnitTest.NativeX.txt = ..\vlpp\ScriptSample\CrossAssemblyInvoking\ExpressionUnitTest\ExpressionUnitTest.NativeX.txt
	EndProjectSection
EndProject
Project("{2150E333-8FDC-42A3-9474-1A3956D46DE8}") = "Binary", "Binary", "{EA3379B0-882E-44A8-9259-987C4E86C298}"
	ProjectSection(SolutionItems) = preProject
		..\vlpp\ScriptSample\CrossAssemblyInvoking\Binary\Readme.txt = ..\vlpp\ScriptSample\CrossAssemblyInvoking\Binary\Readme.txt
	EndProjectSection
EndProject
Global
	GlobalSection(TeamFoundationVersionControl) = preSolution
		SccNumberOfProjects = 2
		SccEnterpriseProvider = {4CA58AB2-18FA-4F8D-95D4-32DDF27D184C}
		SccTeamFoundationServer = https://tfs.codeplex.com/tfs/tfs02
		SccLocalPath0 = .
		SccProjectUniqueName1 = Vle\\Vle.vcxproj
		SccProjectName1 = Vle
		SccLocalPath1 = Vle
	EndGlobalSection
	GlobalSection(SolutionConfigurationPlatforms) = preSolution
		Debug|Win32 = Debug|Win32
		Release|Win32 = Release|Win32
	EndGlobalSection
	GlobalSection(ProjectConfigurationPlatforms) = postSolution
		{DB1B5FE7-E36B-46E1-848C-1A8F5BB19006}.Debug|Win32.ActiveCfg = Debug|Win32
		{DB1B5FE7-E36B-46E1-848C-1A8F5BB19006}.Debug|Win32.Build.0 = Debug|Win32
		{DB1B5FE7-E36B-46E1-848C-1A8F5BB19006}.Release|Win32.ActiveCfg = Release|Win32
		{DB1B5FE7-E36B-46E1-848C-1A8F5BB19006}.Release|Win32.Build.0 = Release|Win32
	EndGlobalSection
	GlobalSection(SolutionProperties) = preSolution
		HideSolutionNode = FALSE
	EndGlobalSection
	GlobalSection(NestedProjects) = preSolution
		{B13234DD-4997-47ED-AED1-DFFAFC7F521E} = {55245844-B477-46FD-A052-8B2228B18913}
		{EB0D451B-8B8A-46A0-AB5E-222E8B713B39} = {B13234DD-4997-47ED-AED1-DFFAFC7F521E}
		{A4970786-98AB-438A-82CB-9BE10FA8BF52} = {B13234DD-4997-47ED-AED1-DFFAFC7F521E}
		{0DA99CD2-01A6-4303-8C9A-B90083116DC6} = {B13234DD-4997-47ED-AED1-DFFAFC7F521E}
		{6FA447C2-6680-4B45-AF81-EDDB3FDDEBCA} = {B13234DD-4997-47ED-AED1-DFFAFC7F521E}
		{E4B68DAA-5C69-4DC0-8BBE-4A1AEB99F2DA} = {6FA447C2-6680-4B45-AF81-EDDB3FDDEBCA}
		{FF0CFEF0-4431-455D-AB7F-510FFA809E44} = {6FA447C2-6680-4B45-AF81-EDDB3FDDEBCA}
		{A4E34F6D-19B3-447F-9BA9-E68F52A125E0} = {6FA447C2-6680-4B45-AF81-EDDB3FDDEBCA}
		{EA3379B0-882E-44A8-9259-987C4E86C298} = {6FA447C2-6680-4B45-AF81-EDDB3FDDEBCA}
	EndGlobalSection
EndGlobal
