
Microsoft Visual Studio Solution File, Format Version 11.00
# Visual Studio 2010
Project("{8BC9CEB8-8B4A-11D0-8D11-00A0C91BC942}") = "Vle", "Vle\Vle.vcxproj", "{DB1B5FE7-E36B-46E1-848C-1A8F5BB19006}"
EndProject
Global
	GlobalSection(TeamFoundationVersionControl) = preSolution
		SccNumberOfProjects = 2
		SccEnterpriseProvider = {4CA58AB2-18FA-4F8D-95D4-32DDF27D184C}
		SccTeamFoundationServer = https://tfs.codeplex.com/tfs/tfs02
		SccLocalPath0 = .
		SccProjectUniqueName1 = Vle\\Vle.vcxproj
		SccProjectName1 = Vle
		SccLocalPath1 = Vle
	EndGlobalSection
	GlobalSection(SolutionConfigurationPlatforms) = preSolution
		Debug|Win32 = Debug|Win32
		Release|Win32 = Release|Win32
	EndGlobalSection
	GlobalSection(ProjectConfigurationPlatforms) = postSolution
		{DB1B5FE7-E36B-46E1-848C-1A8F5BB19006}.Debug|Win32.ActiveCfg = Debug|Win32
		{DB1B5FE7-E36B-46E1-848C-1A8F5BB19006}.Debug|Win32.Build.0 = Debug|Win32
		{DB1B5FE7-E36B-46E1-848C-1A8F5BB19006}.Release|Win32.ActiveCfg = Release|Win32
		{DB1B5FE7-E36B-46E1-848C-1A8F5BB19006}.Release|Win32.Build.0 = Release|Win32
	EndGlobalSection
	GlobalSection(SolutionProperties) = preSolution
		HideSolutionNode = FALSE
	EndGlobalSection
EndGlobal
