
Microsoft Visual Studio Solution File, Format Version 12.00
# Visual Studio 2012
Project("{8BC9CEB8-8B4A-11D0-8D11-00A0C91BC942}") = "UniscribeTest", "UniscribeTest\UniscribeTest.vcxproj", "{32FBBD0C-2D9A-4D5F-ABCA-CE9B98EE01E8}"
EndProject
Project("{FAE04EC0-301F-11D3-BF4B-00C04F79EFBC}") = "DocxContentConverter", "DocxContentConverter\DocxContentConverter.csproj", "{A3A37F89-D916-4AE3-A640-6867A8C8EF23}"
EndProject
Project("{2150E333-8FDC-42A3-9474-1A3956D46DE8}") = "Solution Items", "Solution Items", "{8BFF3FB8-11C7-4592-9503-8DB421BB6963}"
	ProjectSection(SolutionItems) = preProject
		document.xml = document.xml
	EndProjectSection
EndProject
Global
	GlobalSection(TeamFoundationVersionControl) = preSolution
		SccNumberOfProjects = 3
		SccEnterpriseProvider = {4CA58AB2-18FA-4F8D-95D4-32DDF27D184C}
		SccTeamFoundationServer = https://tfs.codeplex.com/tfs/tfs02
		SccLocalPath0 = .
		SccProjectUniqueName1 = UniscribeTest\\UniscribeTest.vcxproj
		SccProjectName1 = UniscribeTest
		SccLocalPath1 = UniscribeTest
		SccProjectUniqueName2 = DocxContentConverter\\DocxContentConverter.csproj
		SccProjectName2 = DocxContentConverter
		SccLocalPath2 = DocxContentConverter
	EndGlobalSection
	GlobalSection(SolutionConfigurationPlatforms) = preSolution
		Debug|Any CPU = Debug|Any CPU
		Debug|Mixed Platforms = Debug|Mixed Platforms
		Debug|Win32 = Debug|Win32
		Release|Any CPU = Release|Any CPU
		Release|Mixed Platforms = Release|Mixed Platforms
		Release|Win32 = Release|Win32
	EndGlobalSection
	GlobalSection(ProjectConfigurationPlatforms) = postSolution
		{32FBBD0C-2D9A-4D5F-ABCA-CE9B98EE01E8}.Debug|Any CPU.ActiveCfg = Debug|Win32
		{32FBBD0C-2D9A-4D5F-ABCA-CE9B98EE01E8}.Debug|Mixed Platforms.ActiveCfg = Debug|Win32
		{32FBBD0C-2D9A-4D5F-ABCA-CE9B98EE01E8}.Debug|Mixed Platforms.Build.0 = Debug|Win32
		{32FBBD0C-2D9A-4D5F-ABCA-CE9B98EE01E8}.Debug|Win32.ActiveCfg = Debug|Win32
		{32FBBD0C-2D9A-4D5F-ABCA-CE9B98EE01E8}.Debug|Win32.Build.0 = Debug|Win32
		{32FBBD0C-2D9A-4D5F-ABCA-CE9B98EE01E8}.Release|Any CPU.ActiveCfg = Release|Win32
		{32FBBD0C-2D9A-4D5F-ABCA-CE9B98EE01E8}.Release|Mixed Platforms.ActiveCfg = Release|Win32
		{32FBBD0C-2D9A-4D5F-ABCA-CE9B98EE01E8}.Release|Mixed Platforms.Build.0 = Release|Win32
		{32FBBD0C-2D9A-4D5F-ABCA-CE9B98EE01E8}.Release|Win32.ActiveCfg = Release|Win32
		{32FBBD0C-2D9A-4D5F-ABCA-CE9B98EE01E8}.Release|Win32.Build.0 = Release|Win32
		{A3A37F89-D916-4AE3-A640-6867A8C8EF23}.Debug|Any CPU.ActiveCfg = Debug|Any CPU
		{A3A37F89-D916-4AE3-A640-6867A8C8EF23}.Debug|Any CPU.Build.0 = Debug|Any CPU
		{A3A37F89-D916-4AE3-A640-6867A8C8EF23}.Debug|Mixed Platforms.ActiveCfg = Debug|Any CPU
		{A3A37F89-D916-4AE3-A640-6867A8C8EF23}.Debug|Mixed Platforms.Build.0 = Debug|Any CPU
		{A3A37F89-D916-4AE3-A640-6867A8C8EF23}.Debug|Win32.ActiveCfg = Debug|Any CPU
		{A3A37F89-D916-4AE3-A640-6867A8C8EF23}.Release|Any CPU.ActiveCfg = Release|Any CPU
		{A3A37F89-D916-4AE3-A640-6867A8C8EF23}.Release|Any CPU.Build.0 = Release|Any CPU
		{A3A37F89-D916-4AE3-A640-6867A8C8EF23}.Release|Mixed Platforms.ActiveCfg = Release|Any CPU
		{A3A37F89-D916-4AE3-A640-6867A8C8EF23}.Release|Mixed Platforms.Build.0 = Release|Any CPU
		{A3A37F89-D916-4AE3-A640-6867A8C8EF23}.Release|Win32.ActiveCfg = Release|Any CPU
	EndGlobalSection
	GlobalSection(SolutionProperties) = preSolution
		HideSolutionNode = FALSE
	EndGlobalSection
EndGlobal
