<?xml version="1.0" encoding="utf-8"?>
<Project ToolsVersion="4.0" xmlns="http://schemas.microsoft.com/developer/msbuild/2003">
  <ItemGroup>
    <Filter Include="Source Files">
      <UniqueIdentifier>{4FC737F1-C7A5-4376-A066-2A32D752A2FF}</UniqueIdentifier>
      <Extensions>cpp;c;cc;cxx;def;odl;idl;hpj;bat;asm;asmx</Extensions>
    </Filter>
    <Filter Include="Header Files">
      <UniqueIdentifier>{93995380-89BD-4b04-88EB-625FBE52EBFB}</UniqueIdentifier>
      <Extensions>h;hpp;hxx;hm;inl;inc;xsd</Extensions>
    </Filter>
    <Filter Include="Resource Files">
      <UniqueIdentifier>{67DA6AB6-F800-4c08-8B7A-83BB121AAD01}</UniqueIdentifier>
      <Extensions>rc;ico;cur;bmp;dlg;rc2;rct;bin;rgs;gif;jpg;jpeg;jpe;resx;tiff;tif;png;wav;mfcribbon-ms</Extensions>
    </Filter>
    <Filter Include="Library">
      <UniqueIdentifier>{49a1439e-6915-4c91-bdce-095568510874}</UniqueIdentifier>
    </Filter>
    <Filter Include="Library\Basic">
      <UniqueIdentifier>{bd8266b1-0829-4419-975d-649a8c9f2ddd}</UniqueIdentifier>
    </Filter>
    <Filter Include="Library\Collections">
      <UniqueIdentifier>{d18a1a2f-8f5c-46a3-8278-9e6fd12811d0}</UniqueIdentifier>
    </Filter>
    <Filter Include="Library\Combinator">
      <UniqueIdentifier>{c452cc99-816d-47d7-82ff-ad848944d381}</UniqueIdentifier>
    </Filter>
    <Filter Include="Library\Regex">
      <UniqueIdentifier>{d1a795e5-6701-4f7c-99d2-9259b09533a8}</UniqueIdentifier>
    </Filter>
    <Filter Include="Library\Stream">
      <UniqueIdentifier>{cbc1bfa9-35ff-4818-a8ee-62481639a136}</UniqueIdentifier>
    </Filter>
    <Filter Include="Library\Basic\Header Files">
      <UniqueIdentifier>{3c5a4aa4-a944-44f8-82df-518e27315f8d}</UniqueIdentifier>
    </Filter>
    <Filter Include="Library\Basic\Source Files">
      <UniqueIdentifier>{c1cab745-c3e6-4e65-ab0b-10c0775a22af}</UniqueIdentifier>
    </Filter>
    <Filter Include="Library\Collections\Header Files">
      <UniqueIdentifier>{594dc874-8c79-4c0d-aa53-7be871e5280f}</UniqueIdentifier>
    </Filter>
    <Filter Include="Library\Collections\Source Files">
      <UniqueIdentifier>{7ef95153-9b6b-4514-89d8-aea7527d5d42}</UniqueIdentifier>
    </Filter>
    <Filter Include="Library\Combinator\Header Files">
      <UniqueIdentifier>{7953919a-e825-4a07-b1b6-9832c7037ffb}</UniqueIdentifier>
    </Filter>
    <Filter Include="Library\Combinator\Source Files">
      <UniqueIdentifier>{2ee1d414-7524-4bd2-84db-1ed77a3dad5e}</UniqueIdentifier>
    </Filter>
    <Filter Include="Library\Stream\Header Files">
      <UniqueIdentifier>{1cb2825c-ec54-4973-8dd4-092a181caa27}</UniqueIdentifier>
    </Filter>
    <Filter Include="Library\Stream\Source Files">
      <UniqueIdentifier>{2a3a2971-96f4-4c57-b179-f523f2e06fc9}</UniqueIdentifier>
    </Filter>
    <Filter Include="Library\Regex\Header Files">
      <UniqueIdentifier>{5c7f870a-2c6d-44a5-aae9-cc5540f62862}</UniqueIdentifier>
    </Filter>
    <Filter Include="Library\Regex\Source Files">
      <UniqueIdentifier>{9c4f47b1-d8bb-464e-8e38-7f9539e16639}</UniqueIdentifier>
    </Filter>
  </ItemGroup>
  <ItemGroup>
    <ClCompile Include="Main.cpp">
      <Filter>Source Files</Filter>
    </ClCompile>
    <ClCompile Include="..\..\..\Library\Basic.cpp">
      <Filter>Library\Basic\Source Files</Filter>
    </ClCompile>
    <ClCompile Include="..\..\..\Library\Console.cpp">
      <Filter>Library\Basic\Source Files</Filter>
    </ClCompile>
    <ClCompile Include="..\..\..\Library\Exception.cpp">
      <Filter>Library\Basic\Source Files</Filter>
    </ClCompile>
    <ClCompile Include="..\..\..\Library\GlobalStorage.cpp">
      <Filter>Library\Basic\Source Files</Filter>
    </ClCompile>
    <ClCompile Include="..\..\..\Library\String.cpp">
      <Filter>Library\Basic\Source Files</Filter>
    </ClCompile>
    <ClCompile Include="..\..\..\Library\Collections\Operation.cpp">
      <Filter>Library\Collections\Source Files</Filter>
    </ClCompile>
    <ClCompile Include="..\..\..\Library\Combinator\StringCombinator.cpp">
      <Filter>Library\Combinator\Source Files</Filter>
    </ClCompile>
    <ClCompile Include="..\..\..\Library\Combinator\TokenCombinator.cpp">
      <Filter>Library\Combinator\Source Files</Filter>
    </ClCompile>
    <ClCompile Include="..\..\..\Library\Stream\Accessor.cpp">
      <Filter>Library\Stream\Source Files</Filter>
    </ClCompile>
    <ClCompile Include="..\..\..\Library\Stream\RecorderStream.cpp">
      <Filter>Library\Stream\Source Files</Filter>
    </ClCompile>
    <ClCompile Include="..\..\..\Library\Stream\BroadcastStream.cpp">
      <Filter>Library\Stream\Source Files</Filter>
    </ClCompile>
    <ClCompile Include="..\..\..\Library\Stream\CacheStream.cpp">
      <Filter>Library\Stream\Source Files</Filter>
    </ClCompile>
    <ClCompile Include="..\..\..\Library\Stream\CharFormat.cpp">
      <Filter>Library\Stream\Source Files</Filter>
    </ClCompile>
    <ClCompile Include="..\..\..\Library\Stream\FileStream.cpp">
      <Filter>Library\Stream\Source Files</Filter>
    </ClCompile>
    <ClCompile Include="..\..\..\Library\Stream\MemoryStream.cpp">
      <Filter>Library\Stream\Source Files</Filter>
    </ClCompile>
    <ClCompile Include="..\..\..\Library\Stream\MemoryWrapperStream.cpp">
      <Filter>Library\Stream\Source Files</Filter>
    </ClCompile>
    <ClCompile Include="..\..\..\Library\Regex\Regex.cpp">
      <Filter>Library\Regex\Source Files</Filter>
    </ClCompile>
    <ClCompile Include="..\..\..\Library\Regex\RegexAutomaton.cpp">
      <Filter>Library\Regex\Source Files</Filter>
    </ClCompile>
    <ClCompile Include="..\..\..\Library\Regex\RegexData.cpp">
      <Filter>Library\Regex\Source Files</Filter>
    </ClCompile>
    <ClCompile Include="..\..\..\Library\Regex\RegexExpression.cpp">
      <Filter>Library\Regex\Source Files</Filter>
    </ClCompile>
    <ClCompile Include="..\..\..\Library\Regex\RegexParser.cpp">
      <Filter>Library\Regex\Source Files</Filter>
    </ClCompile>
    <ClCompile Include="..\..\..\Library\Regex\RegexPure.cpp">
      <Filter>Library\Regex\Source Files</Filter>
    </ClCompile>
    <ClCompile Include="..\..\..\Library\Regex\RegexRich.cpp">
      <Filter>Library\Regex\Source Files</Filter>
    </ClCompile>
    <ClCompile Include="..\..\..\Library\Regex\RegexWriter.cpp">
      <Filter>Library\Regex\Source Files</Filter>
    </ClCompile>
  </ItemGroup>
  <ItemGroup>
    <ClInclude Include="..\..\..\Library\Basic.h">
      <Filter>Library\Basic\Header Files</Filter>
    </ClInclude>
    <ClInclude Include="..\..\..\Library\Console.h">
      <Filter>Library\Basic\Header Files</Filter>
    </ClInclude>
    <ClInclude Include="..\..\..\Library\Event.h">
      <Filter>Library\Basic\Header Files</Filter>
    </ClInclude>
    <ClInclude Include="..\..\..\Library\Exception.h">
      <Filter>Library\Basic\Header Files</Filter>
    </ClInclude>
    <ClInclude Include="..\..\..\Library\Function.h">
      <Filter>Library\Basic\Header Files</Filter>
    </ClInclude>
    <ClInclude Include="..\..\..\Library\GlobalStorage.h">
      <Filter>Library\Basic\Header Files</Filter>
    </ClInclude>
    <ClInclude Include="..\..\..\Library\Pointer.h">
      <Filter>Library\Basic\Header Files</Filter>
    </ClInclude>
    <ClInclude Include="..\..\..\Library\String.h">
      <Filter>Library\Basic\Header Files</Filter>
    </ClInclude>
    <ClInclude Include="..\..\..\Library\Tuple.h">
      <Filter>Library\Basic\Header Files</Filter>
    </ClInclude>
    <ClInclude Include="..\..\..\Library\Collections\Dictionary.h">
      <Filter>Library\Collections\Header Files</Filter>
    </ClInclude>
    <ClInclude Include="..\..\..\Library\Collections\DictionaryWrappers.h">
      <Filter>Library\Collections\Header Files</Filter>
    </ClInclude>
    <ClInclude Include="..\..\..\Library\Collections\Interfaces.h">
      <Filter>Library\Collections\Header Files</Filter>
    </ClInclude>
    <ClInclude Include="..\..\..\Library\Collections\List.h">
      <Filter>Library\Collections\Header Files</Filter>
    </ClInclude>
    <ClInclude Include="..\..\..\Library\Collections\ListWrappers.h">
      <Filter>Library\Collections\Header Files</Filter>
    </ClInclude>
    <ClInclude Include="..\..\..\Library\Collections\Operation.h">
      <Filter>Library\Collections\Header Files</Filter>
    </ClInclude>
    <ClInclude Include="..\..\..\Library\Collections\OperationAggregate.h">
      <Filter>Library\Collections\Header Files</Filter>
    </ClInclude>
    <ClInclude Include="..\..\..\Library\Collections\OperationConcat.h">
      <Filter>Library\Collections\Header Files</Filter>
    </ClInclude>
    <ClInclude Include="..\..\..\Library\Collections\OperationCopyFrom.h">
      <Filter>Library\Collections\Header Files</Filter>
    </ClInclude>
    <ClInclude Include="..\..\..\Library\Collections\OperationEnumerable.h">
      <Filter>Library\Collections\Header Files</Filter>
    </ClInclude>
    <ClInclude Include="..\..\..\Library\Collections\OperationForEach.h">
      <Filter>Library\Collections\Header Files</Filter>
    </ClInclude>
    <ClInclude Include="..\..\..\Library\Collections\OperationPair.h">
      <Filter>Library\Collections\Header Files</Filter>
    </ClInclude>
    <ClInclude Include="..\..\..\Library\Collections\OperationSelect.h">
      <Filter>Library\Collections\Header Files</Filter>
    </ClInclude>
    <ClInclude Include="..\..\..\Library\Collections\OperationSequence.h">
      <Filter>Library\Collections\Header Files</Filter>
    </ClInclude>
    <ClInclude Include="..\..\..\Library\Collections\OperationSet.h">
      <Filter>Library\Collections\Header Files</Filter>
    </ClInclude>
    <ClInclude Include="..\..\..\Library\Collections\OperationString.h">
      <Filter>Library\Collections\Header Files</Filter>
    </ClInclude>
    <ClInclude Include="..\..\..\Library\Collections\OperationWhere.h">
      <Filter>Library\Collections\Header Files</Filter>
    </ClInclude>
    <ClInclude Include="..\..\..\Library\Collections\Pair.h">
      <Filter>Library\Collections\Header Files</Filter>
    </ClInclude>
    <ClInclude Include="..\..\..\Library\Combinator\_Alt.h">
      <Filter>Library\Combinator\Header Files</Filter>
    </ClInclude>
    <ClInclude Include="..\..\..\Library\Combinator\_Error.h">
      <Filter>Library\Combinator\Header Files</Filter>
    </ClInclude>
    <ClInclude Include="..\..\..\Library\Combinator\_Loop.h">
      <Filter>Library\Combinator\Header Files</Filter>
    </ClInclude>
    <ClInclude Include="..\..\..\Library\Combinator\_Pred.h">
      <Filter>Library\Combinator\Header Files</Filter>
    </ClInclude>
    <ClInclude Include="..\..\..\Library\Combinator\_Ref.h">
      <Filter>Library\Combinator\Header Files</Filter>
    </ClInclude>
    <ClInclude Include="..\..\..\Library\Combinator\_Seq.h">
      <Filter>Library\Combinator\Header Files</Filter>
    </ClInclude>
    <ClInclude Include="..\..\..\Library\Combinator\_Unit.h">
      <Filter>Library\Combinator\Header Files</Filter>
    </ClInclude>
    <ClInclude Include="..\..\..\Library\Combinator\_Using.h">
      <Filter>Library\Combinator\Header Files</Filter>
    </ClInclude>
    <ClInclude Include="..\..\..\Library\Combinator\Combinator.h">
      <Filter>Library\Combinator\Header Files</Filter>
    </ClInclude>
    <ClInclude Include="..\..\..\Library\Combinator\Expression.h">
      <Filter>Library\Combinator\Header Files</Filter>
    </ClInclude>
    <ClInclude Include="..\..\..\Library\Combinator\ParserInput.h">
      <Filter>Library\Combinator\Header Files</Filter>
    </ClInclude>
    <ClInclude Include="..\..\..\Library\Combinator\StringCombinator.h">
      <Filter>Library\Combinator\Header Files</Filter>
    </ClInclude>
    <ClInclude Include="..\..\..\Library\Combinator\TokenCombinator.h">
      <Filter>Library\Combinator\Header Files</Filter>
    </ClInclude>
    <ClInclude Include="..\..\..\Library\Stream\Accessor.h">
      <Filter>Library\Stream\Header Files</Filter>
    </ClInclude>
    <ClInclude Include="..\..\..\Library\Stream\StreamSerialization.h">
      <Filter>Library\Stream\Header Files</Filter>
    </ClInclude>
    <ClInclude Include="..\..\..\Library\Stream\BroadcastStream.h">
      <Filter>Library\Stream\Header Files</Filter>
    </ClInclude>
    <ClInclude Include="..\..\..\Library\Stream\CacheStream.h">
      <Filter>Library\Stream\Header Files</Filter>
    </ClInclude>
    <ClInclude Include="..\..\..\Library\Stream\CharFormat.h">
      <Filter>Library\Stream\Header Files</Filter>
    </ClInclude>
    <ClInclude Include="..\..\..\Library\Stream\FileStream.h">
      <Filter>Library\Stream\Header Files</Filter>
    </ClInclude>
    <ClInclude Include="..\..\..\Library\Stream\Interfaces.h">
      <Filter>Library\Stream\Header Files</Filter>
    </ClInclude>
    <ClInclude Include="..\..\..\Library\Stream\MemoryStream.h">
      <Filter>Library\Stream\Header Files</Filter>
    </ClInclude>
    <ClInclude Include="..\..\..\Library\Stream\MemoryWrapperStream.h">
      <Filter>Library\Stream\Header Files</Filter>
    </ClInclude>
    <ClInclude Include="..\..\..\Library\Stream\RecorderStream.h">
      <Filter>Library\Stream\Header Files</Filter>
    </ClInclude>
    <ClInclude Include="..\..\..\Library\Regex\Regex.h">
      <Filter>Library\Regex\Header Files</Filter>
    </ClInclude>
    <ClInclude Include="..\..\..\Library\Regex\RegexAutomaton.h">
      <Filter>Library\Regex\Header Files</Filter>
    </ClInclude>
    <ClInclude Include="..\..\..\Library\Regex\RegexData.h">
      <Filter>Library\Regex\Header Files</Filter>
    </ClInclude>
    <ClInclude Include="..\..\..\Library\Regex\RegexExpression.h">
      <Filter>Library\Regex\Header Files</Filter>
    </ClInclude>
    <ClInclude Include="..\..\..\Library\Regex\RegexPure.h">
      <Filter>Library\Regex\Header Files</Filter>
    </ClInclude>
    <ClInclude Include="..\..\..\Library\Regex\RegexRich.h">
      <Filter>Library\Regex\Header Files</Filter>
    </ClInclude>
    <ClInclude Include="..\..\..\Library\Regex\RegexWriter.h">
      <Filter>Library\Regex\Header Files</Filter>
    </ClInclude>
  </ItemGroup>
</Project>