<?xml version="1.0" encoding="utf-8"?>
<Project ToolsVersion="4.0" xmlns="http://schemas.microsoft.com/developer/msbuild/2003">
  <ItemGroup>
    <Filter Include="Source Files">
      <UniqueIdentifier>{4FC737F1-C7A5-4376-A066-2A32D752A2FF}</UniqueIdentifier>
      <Extensions>cpp;c;cc;cxx;def;odl;idl;hpj;bat;asm;asmx</Extensions>
    </Filter>
    <Filter Include="Header Files">
      <UniqueIdentifier>{93995380-89BD-4b04-88EB-625FBE52EBFB}</UniqueIdentifier>
      <Extensions>h;hpp;hxx;hm;inl;inc;xsd</Extensions>
    </Filter>
    <Filter Include="Resource Files">
      <UniqueIdentifier>{67DA6AB6-F800-4c08-8B7A-83BB121AAD01}</UniqueIdentifier>
      <Extensions>rc;ico;cur;bmp;dlg;rc2;rct;bin;rgs;gif;jpg;jpeg;jpe;resx;tiff;tif;png;wav;mfcribbon-ms</Extensions>
    </Filter>
    <Filter Include="Graphics">
      <UniqueIdentifier>{3d104a41-5f52-4677-a9e4-9c3e11b559d7}</UniqueIdentifier>
    </Filter>
    <Filter Include="Graphics\Header Files">
      <UniqueIdentifier>{32161e0d-e717-4e20-89c7-9833947f2cdb}</UniqueIdentifier>
    </Filter>
    <Filter Include="Graphics\Source Files">
      <UniqueIdentifier>{1c821583-ac75-4c9c-9ae8-d509b34bc425}</UniqueIdentifier>
    </Filter>
    <Filter Include="Graphics\Geometries">
      <UniqueIdentifier>{53d4d4bb-602f-4cc2-85a7-87defc6c8351}</UniqueIdentifier>
    </Filter>
    <Filter Include="Graphics\Renderers">
      <UniqueIdentifier>{5db9dfa0-b63b-4f1b-8316-de889c92e0bd}</UniqueIdentifier>
    </Filter>
    <Filter Include="Library">
      <UniqueIdentifier>{59330d52-269f-4954-bcd1-9906bf7ddced}</UniqueIdentifier>
    </Filter>
    <Filter Include="Library\Basic">
      <UniqueIdentifier>{27acff6f-638a-4d3e-9854-06d91832c678}</UniqueIdentifier>
    </Filter>
    <Filter Include="Library\Collections">
      <UniqueIdentifier>{ee371582-63ff-436a-8046-624bdf3cfc08}</UniqueIdentifier>
    </Filter>
    <Filter Include="Library\Entity">
      <UniqueIdentifier>{7d36922a-0b71-42f4-bf14-74d79ca4a080}</UniqueIdentifier>
    </Filter>
    <Filter Include="Library\Stream">
      <UniqueIdentifier>{7f321be4-c1f2-486f-90d1-40864afe1723}</UniqueIdentifier>
    </Filter>
    <Filter Include="Textures">
      <UniqueIdentifier>{54a8e7cd-8de5-4786-b0bd-ef9fb3035722}</UniqueIdentifier>
    </Filter>
    <Filter Include="Textures\Skybox">
      <UniqueIdentifier>{4b07650c-4f4c-491b-8221-110dde9377d9}</UniqueIdentifier>
    </Filter>
    <Filter Include="Library\Basic\Header Files">
      <UniqueIdentifier>{4150ce73-3d3e-465a-b797-607dd1859078}</UniqueIdentifier>
    </Filter>
    <Filter Include="Library\Basic\Source Files">
      <UniqueIdentifier>{e1570339-cbd0-46c2-8430-4954737bb973}</UniqueIdentifier>
    </Filter>
    <Filter Include="Library\Collections\Header Files">
      <UniqueIdentifier>{cc7344cd-96fc-4f94-b991-ce74ecd21aad}</UniqueIdentifier>
    </Filter>
    <Filter Include="Library\Collections\Source Files">
      <UniqueIdentifier>{cb79e0bf-b474-4bb6-9bd8-47386b6c33c0}</UniqueIdentifier>
    </Filter>
    <Filter Include="Library\Entity\Header Files">
      <UniqueIdentifier>{c87b76ef-5518-4402-8ead-f0a80befe673}</UniqueIdentifier>
    </Filter>
    <Filter Include="Library\Entity\Source Files">
      <UniqueIdentifier>{3629e672-fd12-4253-9f75-f6c82ca9f818}</UniqueIdentifier>
    </Filter>
    <Filter Include="Library\Stream\Header Files">
      <UniqueIdentifier>{a860869e-6304-4689-9c42-743d61346b5a}</UniqueIdentifier>
    </Filter>
    <Filter Include="Library\Stream\Source Files">
      <UniqueIdentifier>{6475760b-c7e7-4c6e-9129-c26a75689e8d}</UniqueIdentifier>
    </Filter>
  </ItemGroup>
  <ItemGroup>
    <ClInclude Include="SimulatorCore.h">
      <Filter>Header Files</Filter>
    </ClInclude>
    <ClInclude Include="..\..\Graphics\WinGDI.h">
      <Filter>Graphics\Header Files</Filter>
    </ClInclude>
    <ClInclude Include="..\..\Graphics\SimScene.h">
      <Filter>Graphics\Header Files</Filter>
    </ClInclude>
    <ClInclude Include="..\..\Graphics\SimMath.h">
      <Filter>Graphics\Header Files</Filter>
    </ClInclude>
    <ClInclude Include="..\..\Graphics\SimKdTree.h">
      <Filter>Graphics\Header Files</Filter>
    </ClInclude>
    <ClInclude Include="..\..\Graphics\SimKdObject.h">
      <Filter>Graphics\Header Files</Filter>
    </ClInclude>
    <ClInclude Include="..\..\Graphics\SimGeometries.h">
      <Filter>Graphics\Header Files</Filter>
    </ClInclude>
    <ClInclude Include="..\..\..\..\Library\Basic.h">
      <Filter>Library\Basic\Header Files</Filter>
    </ClInclude>
    <ClInclude Include="..\..\..\..\Library\Console.h">
      <Filter>Library\Basic\Header Files</Filter>
    </ClInclude>
    <ClInclude Include="..\..\..\..\Library\Event.h">
      <Filter>Library\Basic\Header Files</Filter>
    </ClInclude>
    <ClInclude Include="..\..\..\..\Library\Exception.h">
      <Filter>Library\Basic\Header Files</Filter>
    </ClInclude>
    <ClInclude Include="..\..\..\..\Library\Function.h">
      <Filter>Library\Basic\Header Files</Filter>
    </ClInclude>
    <ClInclude Include="..\..\..\..\Library\GlobalStorage.h">
      <Filter>Library\Basic\Header Files</Filter>
    </ClInclude>
    <ClInclude Include="..\..\..\..\Library\Lazy.h">
      <Filter>Library\Basic\Header Files</Filter>
    </ClInclude>
    <ClInclude Include="..\..\..\..\Library\Pointer.h">
      <Filter>Library\Basic\Header Files</Filter>
    </ClInclude>
    <ClInclude Include="..\..\..\..\Library\String.h">
      <Filter>Library\Basic\Header Files</Filter>
    </ClInclude>
    <ClInclude Include="..\..\..\..\Library\Threading.h">
      <Filter>Library\Basic\Header Files</Filter>
    </ClInclude>
    <ClInclude Include="..\..\..\..\Library\Tuple.h">
      <Filter>Library\Basic\Header Files</Filter>
    </ClInclude>
    <ClInclude Include="..\..\..\..\Library\Collections\Dictionary.h">
      <Filter>Library\Collections\Header Files</Filter>
    </ClInclude>
    <ClInclude Include="..\..\..\..\Library\Collections\DictionaryWrappers.h">
      <Filter>Library\Collections\Header Files</Filter>
    </ClInclude>
    <ClInclude Include="..\..\..\..\Library\Collections\Interfaces.h">
      <Filter>Library\Collections\Header Files</Filter>
    </ClInclude>
    <ClInclude Include="..\..\..\..\Library\Collections\List.h">
      <Filter>Library\Collections\Header Files</Filter>
    </ClInclude>
    <ClInclude Include="..\..\..\..\Library\Collections\ListWrappers.h">
      <Filter>Library\Collections\Header Files</Filter>
    </ClInclude>
    <ClInclude Include="..\..\..\..\Library\Collections\Operation.h">
      <Filter>Library\Collections\Header Files</Filter>
    </ClInclude>
    <ClInclude Include="..\..\..\..\Library\Collections\OperationAggregate.h">
      <Filter>Library\Collections\Header Files</Filter>
    </ClInclude>
    <ClInclude Include="..\..\..\..\Library\Collections\OperationConcat.h">
      <Filter>Library\Collections\Header Files</Filter>
    </ClInclude>
    <ClInclude Include="..\..\..\..\Library\Collections\OperationCopyFrom.h">
      <Filter>Library\Collections\Header Files</Filter>
    </ClInclude>
    <ClInclude Include="..\..\..\..\Library\Collections\OperationEnumerable.h">
      <Filter>Library\Collections\Header Files</Filter>
    </ClInclude>
    <ClInclude Include="..\..\..\..\Library\Collections\OperationForEach.h">
      <Filter>Library\Collections\Header Files</Filter>
    </ClInclude>
    <ClInclude Include="..\..\..\..\Library\Collections\OperationPair.h">
      <Filter>Library\Collections\Header Files</Filter>
    </ClInclude>
    <ClInclude Include="..\..\..\..\Library\Collections\OperationSelect.h">
      <Filter>Library\Collections\Header Files</Filter>
    </ClInclude>
    <ClInclude Include="..\..\..\..\Library\Collections\OperationSequence.h">
      <Filter>Library\Collections\Header Files</Filter>
    </ClInclude>
    <ClInclude Include="..\..\..\..\Library\Collections\OperationSet.h">
      <Filter>Library\Collections\Header Files</Filter>
    </ClInclude>
    <ClInclude Include="..\..\..\..\Library\Collections\OperationString.h">
      <Filter>Library\Collections\Header Files</Filter>
    </ClInclude>
    <ClInclude Include="..\..\..\..\Library\Collections\OperationWhere.h">
      <Filter>Library\Collections\Header Files</Filter>
    </ClInclude>
    <ClInclude Include="..\..\..\..\Library\Collections\Pair.h">
      <Filter>Library\Collections\Header Files</Filter>
    </ClInclude>
    <ClInclude Include="..\..\..\..\Library\Entity\BigObjectPoolEntity.h">
      <Filter>Library\Entity\Header Files</Filter>
    </ClInclude>
    <ClInclude Include="..\..\..\..\Library\Entity\BinaryBalanceTreeEntity.h">
      <Filter>Library\Entity\Header Files</Filter>
    </ClInclude>
    <ClInclude Include="..\..\..\..\Library\Entity\GeneralObjectPoolEntity.h">
      <Filter>Library\Entity\Header Files</Filter>
    </ClInclude>
    <ClInclude Include="..\..\..\..\Library\Entity\Linear.h">
      <Filter>Library\Entity\Header Files</Filter>
    </ClInclude>
    <ClInclude Include="..\..\..\..\Library\Entity\SmallObjectPoolEntity.h">
      <Filter>Library\Entity\Header Files</Filter>
    </ClInclude>
    <ClInclude Include="..\..\..\..\Library\Stream\Accessor.h">
      <Filter>Library\Stream\Header Files</Filter>
    </ClInclude>
    <ClInclude Include="..\..\..\..\Library\Stream\BroadcastStream.h">
      <Filter>Library\Stream\Header Files</Filter>
    </ClInclude>
    <ClInclude Include="..\..\..\..\Library\Stream\CacheStream.h">
      <Filter>Library\Stream\Header Files</Filter>
    </ClInclude>
    <ClInclude Include="..\..\..\..\Library\Stream\CharFormat.h">
      <Filter>Library\Stream\Header Files</Filter>
    </ClInclude>
    <ClInclude Include="..\..\..\..\Library\Stream\FileStream.h">
      <Filter>Library\Stream\Header Files</Filter>
    </ClInclude>
    <ClInclude Include="..\..\..\..\Library\Stream\Interfaces.h">
      <Filter>Library\Stream\Header Files</Filter>
    </ClInclude>
    <ClInclude Include="..\..\..\..\Library\Stream\MemoryStream.h">
      <Filter>Library\Stream\Header Files</Filter>
    </ClInclude>
    <ClInclude Include="..\..\..\..\Library\Stream\MemoryWrapperStream.h">
      <Filter>Library\Stream\Header Files</Filter>
    </ClInclude>
    <ClInclude Include="..\..\..\..\Library\Stream\RecorderStream.h">
      <Filter>Library\Stream\Header Files</Filter>
    </ClInclude>
    <ClInclude Include="..\..\..\..\Library\Stream\StreamSerialization.h">
      <Filter>Library\Stream\Header Files</Filter>
    </ClInclude>
  </ItemGroup>
  <ItemGroup>
    <ClCompile Include="SimulatorCore.cpp">
      <Filter>Source Files</Filter>
    </ClCompile>
    <ClCompile Include="dllmain.cpp">
      <Filter>Source Files</Filter>
    </ClCompile>
    <ClCompile Include="..\..\Graphics\WinGDI.cpp">
      <Filter>Graphics\Source Files</Filter>
    </ClCompile>
    <ClCompile Include="..\..\Graphics\SimScene.cpp">
      <Filter>Graphics\Source Files</Filter>
    </ClCompile>
    <ClCompile Include="SimulatorScene1.cpp">
      <Filter>Source Files</Filter>
    </ClCompile>
    <ClCompile Include="..\..\Graphics\GeometrySphere.cpp">
      <Filter>Graphics\Geometries</Filter>
    </ClCompile>
    <ClCompile Include="..\..\Graphics\RendererDirectTray.cpp">
      <Filter>Graphics\Renderers</Filter>
    </ClCompile>
    <ClCompile Include="..\..\Graphics\GeometryCube.cpp">
      <Filter>Graphics\Geometries</Filter>
    </ClCompile>
    <ClCompile Include="SimulatorScene2.cpp">
      <Filter>Source Files</Filter>
    </ClCompile>
    <ClCompile Include="SimulatorScene3.cpp">
      <Filter>Source Files</Filter>
    </ClCompile>
    <ClCompile Include="..\..\Graphics\GeometryCylinder.cpp">
      <Filter>Graphics\Geometries</Filter>
    </ClCompile>
    <ClCompile Include="SimulatorScene4.cpp">
      <Filter>Source Files</Filter>
    </ClCompile>
    <ClCompile Include="..\..\Graphics\GeometryTriangles.cpp">
      <Filter>Graphics\Geometries</Filter>
    </ClCompile>
    <ClCompile Include="SimulatorScene5.cpp">
      <Filter>Source Files</Filter>
    </ClCompile>
    <ClCompile Include="SimulatorScene6.cpp">
      <Filter>Source Files</Filter>
    </ClCompile>
    <ClCompile Include="SimulatorScene7.cpp">
      <Filter>Source Files</Filter>
    </ClCompile>
    <ClCompile Include="..\..\Graphics\GeometryGeometryGroup.cpp">
      <Filter>Graphics\Geometries</Filter>
    </ClCompile>
    <ClCompile Include="..\..\..\..\Library\Basic.cpp">
      <Filter>Library\Basic\Source Files</Filter>
    </ClCompile>
    <ClCompile Include="..\..\..\..\Library\Console.cpp">
      <Filter>Library\Basic\Source Files</Filter>
    </ClCompile>
    <ClCompile Include="..\..\..\..\Library\Exception.cpp">
      <Filter>Library\Basic\Source Files</Filter>
    </ClCompile>
    <ClCompile Include="..\..\..\..\Library\GlobalStorage.cpp">
      <Filter>Library\Basic\Source Files</Filter>
    </ClCompile>
    <ClCompile Include="..\..\..\..\Library\String.cpp">
      <Filter>Library\Basic\Source Files</Filter>
    </ClCompile>
    <ClCompile Include="..\..\..\..\Library\Threading.cpp">
      <Filter>Library\Basic\Source Files</Filter>
    </ClCompile>
    <ClCompile Include="..\..\..\..\Library\Collections\Operation.cpp">
      <Filter>Library\Collections\Source Files</Filter>
    </ClCompile>
    <ClCompile Include="..\..\..\..\Library\Entity\BigObjectPoolEntity.cpp">
      <Filter>Library\Entity\Source Files</Filter>
    </ClCompile>
    <ClCompile Include="..\..\..\..\Library\Entity\GeneralObjectPoolEntity.cpp">
      <Filter>Library\Entity\Source Files</Filter>
    </ClCompile>
    <ClCompile Include="..\..\..\..\Library\Entity\SmallObjectPoolEntity.cpp">
      <Filter>Library\Entity\Source Files</Filter>
    </ClCompile>
    <ClCompile Include="..\..\..\..\Library\Stream\Accessor.cpp">
      <Filter>Library\Stream\Source Files</Filter>
    </ClCompile>
    <ClCompile Include="..\..\..\..\Library\Stream\BroadcastStream.cpp">
      <Filter>Library\Stream\Source Files</Filter>
    </ClCompile>
    <ClCompile Include="..\..\..\..\Library\Stream\CacheStream.cpp">
      <Filter>Library\Stream\Source Files</Filter>
    </ClCompile>
    <ClCompile Include="..\..\..\..\Library\Stream\CharFormat.cpp">
      <Filter>Library\Stream\Source Files</Filter>
    </ClCompile>
    <ClCompile Include="..\..\..\..\Library\Stream\FileStream.cpp">
      <Filter>Library\Stream\Source Files</Filter>
    </ClCompile>
    <ClCompile Include="..\..\..\..\Library\Stream\MemoryStream.cpp">
      <Filter>Library\Stream\Source Files</Filter>
    </ClCompile>
    <ClCompile Include="..\..\..\..\Library\Stream\MemoryWrapperStream.cpp">
      <Filter>Library\Stream\Source Files</Filter>
    </ClCompile>
    <ClCompile Include="..\..\..\..\Library\Stream\RecorderStream.cpp">
      <Filter>Library\Stream\Source Files</Filter>
    </ClCompile>
    <ClCompile Include="SimulatorScene8.cpp">
      <Filter>Source Files</Filter>
    </ClCompile>
  </ItemGroup>
  <ItemGroup>
    <None Include="..\Textures\Earth.bmp">
      <Filter>Textures</Filter>
    </None>
    <None Include="..\Textures\EarthNormal.bmp">
      <Filter>Textures</Filter>
    </None>
    <None Include="..\Textures\SkyBox\+x.bmp">
      <Filter>Textures\Skybox</Filter>
    </None>
    <None Include="..\Textures\SkyBox\+y.bmp">
      <Filter>Textures\Skybox</Filter>
    </None>
    <None Include="..\Textures\SkyBox\+z.bmp">
      <Filter>Textures\Skybox</Filter>
    </None>
    <None Include="..\Textures\SkyBox\-x.bmp">
      <Filter>Textures\Skybox</Filter>
    </None>
    <None Include="..\Textures\SkyBox\-y.bmp">
      <Filter>Textures\Skybox</Filter>
    </None>
    <None Include="..\Textures\SkyBox\-z.bmp">
      <Filter>Textures\Skybox</Filter>
    </None>
  </ItemGroup>
</Project>