
Microsoft Visual Studio Solution File, Format Version 11.00
# Visual Studio 2010
Project("{8BC9CEB8-8B4A-11D0-8D11-00A0C91BC942}") = "GuiDemo", "GuiDemo\GuiDemo.vcxproj", "{A9686226-0221-48FE-BB7C-B606EEBB3505}"
EndProject
Project("{8BC9CEB8-8B4A-11D0-8D11-00A0C91BC942}") = "PDBViewer", "PDBViewer\PDBViewer.vcxproj", "{6D97F853-B8F9-48AE-8A7D-CD5F1F0C9CB7}"
EndProject
Global
	GlobalSection(TeamFoundationVersionControl) = preSolution
		SccNumberOfProjects = 3
		SccEnterpriseProvider = {4CA58AB2-18FA-4F8D-95D4-32DDF27D184C}
		SccTeamFoundationServer = https://tfs.codeplex.com/tfs/tfs02
		SccLocalPath0 = .
		SccProjectUniqueName1 = GuiDemo\\GuiDemo.vcxproj
		SccProjectName1 = GuiDemo
		SccLocalPath1 = GuiDemo
		SccProjectUniqueName2 = PDBViewer\\PDBViewer.vcxproj
		SccProjectName2 = PDBViewer
		SccLocalPath2 = PDBViewer
	EndGlobalSection
	GlobalSection(SolutionConfigurationPlatforms) = preSolution
		Debug|Win32 = Debug|Win32
		DebugDirect2D|Win32 = DebugDirect2D|Win32
		Release|Win32 = Release|Win32
		ReleaseDirect2D|Win32 = ReleaseDirect2D|Win32
	EndGlobalSection
	GlobalSection(ProjectConfigurationPlatforms) = postSolution
		{A9686226-0221-48FE-BB7C-B606EEBB3505}.Debug|Win32.ActiveCfg = Debug|Win32
		{A9686226-0221-48FE-BB7C-B606EEBB3505}.Debug|Win32.Build.0 = Debug|Win32
		{A9686226-0221-48FE-BB7C-B606EEBB3505}.DebugDirect2D|Win32.ActiveCfg = DebugDirect2D|Win32
		{A9686226-0221-48FE-BB7C-B606EEBB3505}.DebugDirect2D|Win32.Build.0 = DebugDirect2D|Win32
		{A9686226-0221-48FE-BB7C-B606EEBB3505}.Release|Win32.ActiveCfg = Release|Win32
		{A9686226-0221-48FE-BB7C-B606EEBB3505}.Release|Win32.Build.0 = Release|Win32
		{A9686226-0221-48FE-BB7C-B606EEBB3505}.ReleaseDirect2D|Win32.ActiveCfg = ReleaseDirect2D|Win32
		{A9686226-0221-48FE-BB7C-B606EEBB3505}.ReleaseDirect2D|Win32.Build.0 = ReleaseDirect2D|Win32
		{6D97F853-B8F9-48AE-8A7D-CD5F1F0C9CB7}.Debug|Win32.ActiveCfg = Release|Win32
		{6D97F853-B8F9-48AE-8A7D-CD5F1F0C9CB7}.Debug|Win32.Build.0 = Release|Win32
		{6D97F853-B8F9-48AE-8A7D-CD5F1F0C9CB7}.DebugDirect2D|Win32.ActiveCfg = DebugDirect2D|Win32
		{6D97F853-B8F9-48AE-8A7D-CD5F1F0C9CB7}.DebugDirect2D|Win32.Build.0 = DebugDirect2D|Win32
		{6D97F853-B8F9-48AE-8A7D-CD5F1F0C9CB7}.Release|Win32.ActiveCfg = Release|Win32
		{6D97F853-B8F9-48AE-8A7D-CD5F1F0C9CB7}.Release|Win32.Build.0 = Release|Win32
		{6D97F853-B8F9-48AE-8A7D-CD5F1F0C9CB7}.ReleaseDirect2D|Win32.ActiveCfg = ReleaseDirect2D|Win32
		{6D97F853-B8F9-48AE-8A7D-CD5F1F0C9CB7}.ReleaseDirect2D|Win32.Build.0 = ReleaseDirect2D|Win32
	EndGlobalSection
	GlobalSection(SolutionProperties) = preSolution
		HideSolutionNode = FALSE
	EndGlobalSection
EndGlobal
