
Microsoft Visual Studio Solution File, Format Version 11.00
# Visual Studio 2010
Project("{8BC9CEB8-8B4A-11D0-8D11-00A0C91BC942}") = "Beginning", "Beginning\Beginning.vcxproj", "{06D1439B-08AF-4D32-9129-0F60EBA33697}"
EndProject
Global
	GlobalSection(TeamFoundationVersionControl) = preSolution
		SccNumberOfProjects = 2
		SccEnterpriseProvider = {4CA58AB2-18FA-4F8D-95D4-32DDF27D184C}
		SccTeamFoundationServer = https://tfs.codeplex.com/tfs/tfs02
		SccLocalPath0 = .
		SccProjectUniqueName1 = Beginning\\Beginning.vcxproj
		SccProjectName1 = Beginning
		SccLocalPath1 = Beginning
	EndGlobalSection
	GlobalSection(SolutionConfigurationPlatforms) = preSolution
		Debug|Win32 = Debug|Win32
		Release|Win32 = Release|Win32
	EndGlobalSection
	GlobalSection(ProjectConfigurationPlatforms) = postSolution
		{06D1439B-08AF-4D32-9129-0F60EBA33697}.Debug|Win32.ActiveCfg = Debug|Win32
		{06D1439B-08AF-4D32-9129-0F60EBA33697}.Debug|Win32.Build.0 = Debug|Win32
		{06D1439B-08AF-4D32-9129-0F60EBA33697}.Release|Win32.ActiveCfg = Release|Win32
		{06D1439B-08AF-4D32-9129-0F60EBA33697}.Release|Win32.Build.0 = Release|Win32
	EndGlobalSection
	GlobalSection(SolutionProperties) = preSolution
		HideSolutionNode = FALSE
	EndGlobalSection
EndGlobal
