
Microsoft Visual Studio Solution File, Format Version 10.00
# Visual Studio 2008
Project("{8BC9CEB8-8B4A-11D0-8D11-00A0C91BC942}") = "UnitTest", "UnitTest\UnitTest.vcproj", "{C5B7B948-A36F-418C-815D-2FFA8B81A2A9}"
EndProject
Global
	GlobalSection(TeamFoundationVersionControl) = preSolution
		SccNumberOfProjects = 2
		SccEnterpriseProvider = {4CA58AB2-18FA-4F8D-95D4-32DDF27D184C}
		SccTeamFoundationServer = https://tfs02.codeplex.com/
		SccLocalPath0 = .
		SccProjectUniqueName1 = UnitTest\\UnitTest.vcproj
		SccProjectName1 = UnitTest
		SccLocalPath1 = UnitTest
	EndGlobalSection
	GlobalSection(SolutionConfigurationPlatforms) = preSolution
		Debug|Win32 = Debug|Win32
		Release|Win32 = Release|Win32
	EndGlobalSection
	GlobalSection(ProjectConfigurationPlatforms) = postSolution
		{C5B7B948-A36F-418C-815D-2FFA8B81A2A9}.Debug|Win32.ActiveCfg = Debug|Win32
		{C5B7B948-A36F-418C-815D-2FFA8B81A2A9}.Debug|Win32.Build.0 = Debug|Win32
		{C5B7B948-A36F-418C-815D-2FFA8B81A2A9}.Release|Win32.ActiveCfg = Release|Win32
		{C5B7B948-A36F-418C-815D-2FFA8B81A2A9}.Release|Win32.Build.0 = Release|Win32
	EndGlobalSection
	GlobalSection(SolutionProperties) = preSolution
		HideSolutionNode = FALSE
	EndGlobalSection
EndGlobal
