
Microsoft Visual Studio Solution File, Format Version 11.00
# Visual Studio 2010
Project("{CC5FD16D-436D-48AD-A40C-5A424C6E3E79}") = "WindowsAzure1", "WindowsAzure1\WindowsAzure1.ccproj", "{4C3B7CAF-E388-448D-88D9-CBEFC8C5B7DA}"
EndProject
Project("{FAE04EC0-301F-11D3-BF4B-00C04F79EFBC}") = "MyWindowsAzureWebsite", "MyWindowsAzureWebsite\MyWindowsAzureWebsite.csproj", "{BA0DDA57-848C-4913-829F-29B41B2F9B17}"
EndProject
Global
	GlobalSection(TeamFoundationVersionControl) = preSolution
		SccNumberOfProjects = 3
		SccEnterpriseProvider = {4CA58AB2-18FA-4F8D-95D4-32DDF27D184C}
		SccTeamFoundationServer = https://tfs.codeplex.com/tfs/tfs02
		SccLocalPath0 = .
		SccProjectUniqueName1 = MyWindowsAzureWebsite\\MyWindowsAzureWebsite.csproj
		SccProjectName1 = MyWindowsAzureWebsite
		SccLocalPath1 = MyWindowsAzureWebsite
		SccProjectUniqueName2 = WindowsAzure1\\WindowsAzure1.ccproj
		SccProjectName2 = WindowsAzure1
		SccLocalPath2 = WindowsAzure1
	EndGlobalSection
	GlobalSection(SolutionConfigurationPlatforms) = preSolution
		Debug|Any CPU = Debug|Any CPU
		Release|Any CPU = Release|Any CPU
	EndGlobalSection
	GlobalSection(ProjectConfigurationPlatforms) = postSolution
		{4C3B7CAF-E388-448D-88D9-CBEFC8C5B7DA}.Debug|Any CPU.ActiveCfg = Debug|Any CPU
		{4C3B7CAF-E388-448D-88D9-CBEFC8C5B7DA}.Debug|Any CPU.Build.0 = Debug|Any CPU
		{4C3B7CAF-E388-448D-88D9-CBEFC8C5B7DA}.Release|Any CPU.ActiveCfg = Release|Any CPU
		{4C3B7CAF-E388-448D-88D9-CBEFC8C5B7DA}.Release|Any CPU.Build.0 = Release|Any CPU
		{BA0DDA57-848C-4913-829F-29B41B2F9B17}.Debug|Any CPU.ActiveCfg = Debug|Any CPU
		{BA0DDA57-848C-4913-829F-29B41B2F9B17}.Debug|Any CPU.Build.0 = Debug|Any CPU
		{BA0DDA57-848C-4913-829F-29B41B2F9B17}.Release|Any CPU.ActiveCfg = Release|Any CPU
		{BA0DDA57-848C-4913-829F-29B41B2F9B17}.Release|Any CPU.Build.0 = Release|Any CPU
	EndGlobalSection
	GlobalSection(SolutionProperties) = preSolution
		HideSolutionNode = FALSE
	EndGlobalSection
EndGlobal
