
Microsoft Visual Studio Solution File, Format Version 11.00
# Visual Studio 2010
Project("{FAE04EC0-301F-11D3-BF4B-00C04F79EFBC}") = "NodeService", "NodeService\NodeService.csproj", "{62C0BACC-8486-4421-8DF7-E296E5E383FF}"
EndProject
Project("{FAE04EC0-301F-11D3-BF4B-00C04F79EFBC}") = "NodeServiceHost", "NodeServiceHost\NodeServiceHost.csproj", "{2943196F-EBC2-4ED4-AD91-5DD2D172AC84}"
EndProject
Project("{2150E333-8FDC-42A3-9474-1A3956D46DE8}") = "Sample.Communication.Software", "Sample.Communication.Software", "{BC4F3DFF-F87D-412A-B119-94967B5832CA}"
EndProject
Project("{FAE04EC0-301F-11D3-BF4B-00C04F79EFBC}") = "NodeServiceTest", "NodeServiceTest\NodeServiceTest.csproj", "{3A86379C-D2FA-469F-8713-8E52CBDACB1A}"
EndProject
Project("{2150E333-8FDC-42A3-9474-1A3956D46DE8}") = "Solution Items", "Solution Items", "{2AD278AE-DD74-42C3-A5B8-69F361DDFE5F}"
	ProjectSection(SolutionItems) = preProject
		Local.testsettings = Local.testsettings
		NodeService.vsmdi = NodeService.vsmdi
		TraceAndTestImpact.testsettings = TraceAndTestImpact.testsettings
	EndProjectSection
EndProject
Project("{FAE04EC0-301F-11D3-BF4B-00C04F79EFBC}") = "CommServer", "Sample.Communication.Software\CommServer\CommServer.csproj", "{AF45D5E8-40CF-456B-9E40-45BA087A6EE7}"
EndProject
Project("{FAE04EC0-301F-11D3-BF4B-00C04F79EFBC}") = "CommClient", "Sample.Communication.Software\CommClient\CommClient.csproj", "{F22C083D-1F17-48AD-BB8F-FDEC6BD3F842}"
EndProject
Project("{FAE04EC0-301F-11D3-BF4B-00C04F79EFBC}") = "NodeServiceGuard", "NodeServiceGuard\NodeServiceGuard.csproj", "{6A95A4E9-74EE-4331-855D-4A6ACA36ADA8}"
EndProject
Project("{FAE04EC0-301F-11D3-BF4B-00C04F79EFBC}") = "NodeServiceLauncher", "NodeServiceLauncher\NodeServiceLauncher.csproj", "{61B60E25-2DED-449A-959D-DB7BAA500AB8}"
EndProject
Project("{2150E333-8FDC-42A3-9474-1A3956D46DE8}") = "Sample.GuardedServer.CalculationService", "Sample.GuardedServer.CalculationService", "{A666C33A-4F3B-40C5-A915-60D940C70E32}"
EndProject
Project("{FAE04EC0-301F-11D3-BF4B-00C04F79EFBC}") = "CalculationService", "Sample.GuardedServer.CalculationService\CalculationService\CalculationService.csproj", "{3F38CB84-E638-4F1B-870E-1651A4AFCE2A}"
EndProject
Project("{FAE04EC0-301F-11D3-BF4B-00C04F79EFBC}") = "CalculationClient", "Sample.GuardedServer.CalculationService\CalculationClient\CalculationClient.csproj", "{2F759436-0551-4992-8CC8-EEEC45A7BD18}"
EndProject
Project("{2150E333-8FDC-42A3-9474-1A3956D46DE8}") = "Sample.GuardedServer.ExpressionService", "Sample.GuardedServer.ExpressionService", "{FC096E1E-AEFA-4DE4-9979-5B9721658CF5}"
EndProject
Project("{FAE04EC0-301F-11D3-BF4B-00C04F79EFBC}") = "ExpressionService", "Sample.GuardedServer.ExpressionService\ExpressionService\ExpressionService.csproj", "{C7D85D65-0221-45A6-A355-AB75641A4235}"
EndProject
Project("{FAE04EC0-301F-11D3-BF4B-00C04F79EFBC}") = "ExpressionClient", "Sample.GuardedServer.ExpressionService\ExpressionClient\ExpressionClient.csproj", "{7519B541-2764-4AE7-9EE5-90D498712D72}"
EndProject
Project("{FAE04EC0-301F-11D3-BF4B-00C04F79EFBC}") = "ExpressionContract", "Sample.GuardedServer.ExpressionService\ExpressionContract\ExpressionContract.csproj", "{C26E5256-40C4-4FDD-AF19-B2F088D46127}"
EndProject
Project("{2150E333-8FDC-42A3-9474-1A3956D46DE8}") = "Documentation", "Documentation", "{EB7E551E-4404-4563-8DC7-9EA456DF3D73}"
	ProjectSection(SolutionItems) = preProject
		Architecture.docx = Architecture.docx
	EndProjectSection
EndProject
Project("{2150E333-8FDC-42A3-9474-1A3956D46DE8}") = "Services.Predefined", "Services.Predefined", "{DB330BA7-6A82-4FF4-94C0-0E6D79D708CC}"
EndProject
Project("{FAE04EC0-301F-11D3-BF4B-00C04F79EFBC}") = "PingNamedPipe", "Services.Predefined\PingNamedPipe\PingNamedPipe.csproj", "{31C837BC-43E0-4B1A-9E1A-6FFCDE2E26A6}"
EndProject
Project("{FAE04EC0-301F-11D3-BF4B-00C04F79EFBC}") = "PingTcp", "Services.Predefined\PingTcp\PingTcp.csproj", "{16BEB928-49ED-4CF8-A41D-5795B9137C48}"
EndProject
Project("{FAE04EC0-301F-11D3-BF4B-00C04F79EFBC}") = "PingHttp", "Services.Predefined\PingHttp\PingHttp.csproj", "{42B2EBD4-6F6A-482C-9430-79CEACD43DD8}"
EndProject
Project("{FAE04EC0-301F-11D3-BF4B-00C04F79EFBC}") = "MachineInfo", "Services.Predefined\MachineInfo\MachineInfo.csproj", "{B842CDD0-B75C-4A73-AA81-9B1BA4DF3677}"
EndProject
Project("{2150E333-8FDC-42A3-9474-1A3956D46DE8}") = "Services.ClientApplications", "Services.ClientApplications", "{BC97FA28-6C77-4FF8-AC44-A3A8E67AC736}"
EndProject
Project("{FAE04EC0-301F-11D3-BF4B-00C04F79EFBC}") = "ScreenController", "Services.ClientApplications\ScreenController\ScreenController.csproj", "{9658761C-B9DD-4DB2-B1A6-5EE367589C5D}"
EndProject
Project("{FAE04EC0-301F-11D3-BF4B-00C04F79EFBC}") = "ServiceConfigurations", "Services.Predefined\ServiceConfigurations\ServiceConfigurations.csproj", "{DC761586-A9DD-4C4D-B073-041CFDB92E25}"
EndProject
Project("{2150E333-8FDC-42A3-9474-1A3956D46DE8}") = "Misc", "Misc", "{6DC4B383-4427-4481-9201-C588AC473AE3}"
EndProject
Global
	GlobalSection(TeamFoundationVersionControl) = preSolution
		SccNumberOfProjects = 19
		SccEnterpriseProvider = {4CA58AB2-18FA-4F8D-95D4-32DDF27D184C}
		SccTeamFoundationServer = https://tfs.codeplex.com/tfs/tfs02
		SccLocalPath0 = .
		SccProjectUniqueName1 = NodeService\\NodeService.csproj
		SccProjectName1 = NodeService
		SccLocalPath1 = NodeService
		SccProjectUniqueName2 = NodeServiceHost\\NodeServiceHost.csproj
		SccProjectName2 = NodeServiceHost
		SccLocalPath2 = NodeServiceHost
		SccProjectUniqueName3 = NodeServiceTest\\NodeServiceTest.csproj
		SccProjectName3 = NodeServiceTest
		SccLocalPath3 = NodeServiceTest
		SccProjectUniqueName4 = Sample.Communication.Software\\CommServer\\CommServer.csproj
		SccProjectTopLevelParentUniqueName4 = NodeService.sln
		SccProjectName4 = Sample.Communication.Software/CommServer
		SccLocalPath4 = Sample.Communication.Software\\CommServer
		SccProjectUniqueName5 = Sample.Communication.Software\\CommClient\\CommClient.csproj
		SccProjectTopLevelParentUniqueName5 = NodeService.sln
		SccProjectName5 = Sample.Communication.Software/CommClient
		SccLocalPath5 = Sample.Communication.Software\\CommClient
		SccProjectUniqueName6 = NodeServiceGuard\\NodeServiceGuard.csproj
		SccProjectName6 = NodeServiceGuard
		SccLocalPath6 = NodeServiceGuard
		SccProjectUniqueName7 = NodeServiceLauncher\\NodeServiceLauncher.csproj
		SccProjectName7 = NodeServiceLauncher
		SccLocalPath7 = NodeServiceLauncher
		SccProjectUniqueName8 = Sample.GuardedServer.CalculationService\\CalculationService\\CalculationService.csproj
		SccProjectTopLevelParentUniqueName8 = NodeService.sln
		SccProjectName8 = Sample.GuardedServer.CalculationService/CalculationService
		SccLocalPath8 = Sample.GuardedServer.CalculationService\\CalculationService
		SccProjectUniqueName9 = Sample.GuardedServer.CalculationService\\CalculationClient\\CalculationClient.csproj
		SccProjectTopLevelParentUniqueName9 = NodeService.sln
		SccProjectName9 = Sample.GuardedServer.CalculationService/CalculationClient
		SccLocalPath9 = Sample.GuardedServer.CalculationService\\CalculationClient
		SccProjectUniqueName10 = Sample.GuardedServer.ExpressionService\\ExpressionService\\ExpressionService.csproj
		SccProjectTopLevelParentUniqueName10 = NodeService.sln
		SccProjectName10 = Sample.GuardedServer.ExpressionService/ExpressionService
		SccLocalPath10 = Sample.GuardedServer.ExpressionService\\ExpressionService
		SccProjectUniqueName11 = Sample.GuardedServer.ExpressionService\\ExpressionClient\\ExpressionClient.csproj
		SccProjectTopLevelParentUniqueName11 = NodeService.sln
		SccProjectName11 = Sample.GuardedServer.ExpressionService/ExpressionClient
		SccLocalPath11 = Sample.GuardedServer.ExpressionService\\ExpressionClient
		SccProjectUniqueName12 = Sample.GuardedServer.ExpressionService\\ExpressionContract\\ExpressionContract.csproj
		SccProjectTopLevelParentUniqueName12 = NodeService.sln
		SccProjectName12 = Sample.GuardedServer.ExpressionService/ExpressionContract
		SccLocalPath12 = Sample.GuardedServer.ExpressionService\\ExpressionContract
		SccProjectUniqueName13 = Services.Predefined\\PingNamedPipe\\PingNamedPipe.csproj
		SccProjectTopLevelParentUniqueName13 = NodeService.sln
		SccProjectName13 = Services.Predefined/PingNamedPipe
		SccLocalPath13 = Services.Predefined\\PingNamedPipe
		SccProjectUniqueName14 = Services.Predefined\\PingTcp\\PingTcp.csproj
		SccProjectTopLevelParentUniqueName14 = NodeService.sln
		SccProjectName14 = Services.Predefined/PingTcp
		SccLocalPath14 = Services.Predefined\\PingTcp
		SccProjectUniqueName15 = Services.Predefined\\PingHttp\\PingHttp.csproj
		SccProjectTopLevelParentUniqueName15 = NodeService.sln
		SccProjectName15 = Services.Predefined/PingHttp
		SccLocalPath15 = Services.Predefined\\PingHttp
		SccProjectUniqueName16 = Services.Predefined\\MachineInfo\\MachineInfo.csproj
		SccProjectTopLevelParentUniqueName16 = NodeService.sln
		SccProjectName16 = Services.Predefined/MachineInfo
		SccLocalPath16 = Services.Predefined\\MachineInfo
		SccProjectUniqueName17 = Services.ClientApplications\\ScreenController\\ScreenController.csproj
		SccProjectTopLevelParentUniqueName17 = NodeService.sln
		SccProjectName17 = Services.ClientApplications/ScreenController
		SccLocalPath17 = Services.ClientApplications\\ScreenController
		SccProjectUniqueName18 = Services.Predefined\\ServiceConfigurations\\ServiceConfigurations.csproj
		SccProjectTopLevelParentUniqueName18 = NodeService.sln
		SccProjectName18 = Services.Predefined/ServiceConfigurations
		SccLocalPath18 = Services.Predefined\\ServiceConfigurations
	EndGlobalSection
	GlobalSection(TestCaseManagementSettings) = postSolution
		CategoryFile = NodeService.vsmdi
	EndGlobalSection
	GlobalSection(SolutionConfigurationPlatforms) = preSolution
		Debug|Any CPU = Debug|Any CPU
		Debug|Mixed Platforms = Debug|Mixed Platforms
		Debug|x86 = Debug|x86
		Release|Any CPU = Release|Any CPU
		Release|Mixed Platforms = Release|Mixed Platforms
		Release|x86 = Release|x86
	EndGlobalSection
	GlobalSection(ProjectConfigurationPlatforms) = postSolution
		{62C0BACC-8486-4421-8DF7-E296E5E383FF}.Debug|Any CPU.ActiveCfg = Debug|Any CPU
		{62C0BACC-8486-4421-8DF7-E296E5E383FF}.Debug|Any CPU.Build.0 = Debug|Any CPU
		{62C0BACC-8486-4421-8DF7-E296E5E383FF}.Debug|Mixed Platforms.ActiveCfg = Debug|Any CPU
		{62C0BACC-8486-4421-8DF7-E296E5E383FF}.Debug|Mixed Platforms.Build.0 = Debug|Any CPU
		{62C0BACC-8486-4421-8DF7-E296E5E383FF}.Debug|x86.ActiveCfg = Debug|Any CPU
		{62C0BACC-8486-4421-8DF7-E296E5E383FF}.Release|Any CPU.ActiveCfg = Release|Any CPU
		{62C0BACC-8486-4421-8DF7-E296E5E383FF}.Release|Any CPU.Build.0 = Release|Any CPU
		{62C0BACC-8486-4421-8DF7-E296E5E383FF}.Release|Mixed Platforms.ActiveCfg = Release|Any CPU
		{62C0BACC-8486-4421-8DF7-E296E5E383FF}.Release|Mixed Platforms.Build.0 = Release|Any CPU
		{62C0BACC-8486-4421-8DF7-E296E5E383FF}.Release|x86.ActiveCfg = Release|Any CPU
		{2943196F-EBC2-4ED4-AD91-5DD2D172AC84}.Debug|Any CPU.ActiveCfg = Debug|x86
		{2943196F-EBC2-4ED4-AD91-5DD2D172AC84}.Debug|Mixed Platforms.ActiveCfg = Debug|x86
		{2943196F-EBC2-4ED4-AD91-5DD2D172AC84}.Debug|Mixed Platforms.Build.0 = Debug|x86
		{2943196F-EBC2-4ED4-AD91-5DD2D172AC84}.Debug|x86.ActiveCfg = Debug|x86
		{2943196F-EBC2-4ED4-AD91-5DD2D172AC84}.Debug|x86.Build.0 = Debug|x86
		{2943196F-EBC2-4ED4-AD91-5DD2D172AC84}.Release|Any CPU.ActiveCfg = Release|x86
		{2943196F-EBC2-4ED4-AD91-5DD2D172AC84}.Release|Mixed Platforms.ActiveCfg = Release|x86
		{2943196F-EBC2-4ED4-AD91-5DD2D172AC84}.Release|Mixed Platforms.Build.0 = Release|x86
		{2943196F-EBC2-4ED4-AD91-5DD2D172AC84}.Release|x86.ActiveCfg = Release|x86
		{2943196F-EBC2-4ED4-AD91-5DD2D172AC84}.Release|x86.Build.0 = Release|x86
		{3A86379C-D2FA-469F-8713-8E52CBDACB1A}.Debug|Any CPU.ActiveCfg = Debug|Any CPU
		{3A86379C-D2FA-469F-8713-8E52CBDACB1A}.Debug|Any CPU.Build.0 = Debug|Any CPU
		{3A86379C-D2FA-469F-8713-8E52CBDACB1A}.Debug|Mixed Platforms.ActiveCfg = Debug|Any CPU
		{3A86379C-D2FA-469F-8713-8E52CBDACB1A}.Debug|Mixed Platforms.Build.0 = Debug|Any CPU
		{3A86379C-D2FA-469F-8713-8E52CBDACB1A}.Debug|x86.ActiveCfg = Debug|Any CPU
		{3A86379C-D2FA-469F-8713-8E52CBDACB1A}.Release|Any CPU.ActiveCfg = Release|Any CPU
		{3A86379C-D2FA-469F-8713-8E52CBDACB1A}.Release|Any CPU.Build.0 = Release|Any CPU
		{3A86379C-D2FA-469F-8713-8E52CBDACB1A}.Release|Mixed Platforms.ActiveCfg = Release|Any CPU
		{3A86379C-D2FA-469F-8713-8E52CBDACB1A}.Release|Mixed Platforms.Build.0 = Release|Any CPU
		{3A86379C-D2FA-469F-8713-8E52CBDACB1A}.Release|x86.ActiveCfg = Release|Any CPU
		{AF45D5E8-40CF-456B-9E40-45BA087A6EE7}.Debug|Any CPU.ActiveCfg = Debug|x86
		{AF45D5E8-40CF-456B-9E40-45BA087A6EE7}.Debug|Mixed Platforms.ActiveCfg = Debug|x86
		{AF45D5E8-40CF-456B-9E40-45BA087A6EE7}.Debug|Mixed Platforms.Build.0 = Debug|x86
		{AF45D5E8-40CF-456B-9E40-45BA087A6EE7}.Debug|x86.ActiveCfg = Debug|x86
		{AF45D5E8-40CF-456B-9E40-45BA087A6EE7}.Debug|x86.Build.0 = Debug|x86
		{AF45D5E8-40CF-456B-9E40-45BA087A6EE7}.Release|Any CPU.ActiveCfg = Release|x86
		{AF45D5E8-40CF-456B-9E40-45BA087A6EE7}.Release|Mixed Platforms.ActiveCfg = Release|x86
		{AF45D5E8-40CF-456B-9E40-45BA087A6EE7}.Release|Mixed Platforms.Build.0 = Release|x86
		{AF45D5E8-40CF-456B-9E40-45BA087A6EE7}.Release|x86.ActiveCfg = Release|x86
		{AF45D5E8-40CF-456B-9E40-45BA087A6EE7}.Release|x86.Build.0 = Release|x86
		{F22C083D-1F17-48AD-BB8F-FDEC6BD3F842}.Debug|Any CPU.ActiveCfg = Debug|x86
		{F22C083D-1F17-48AD-BB8F-FDEC6BD3F842}.Debug|Mixed Platforms.ActiveCfg = Debug|x86
		{F22C083D-1F17-48AD-BB8F-FDEC6BD3F842}.Debug|Mixed Platforms.Build.0 = Debug|x86
		{F22C083D-1F17-48AD-BB8F-FDEC6BD3F842}.Debug|x86.ActiveCfg = Debug|x86
		{F22C083D-1F17-48AD-BB8F-FDEC6BD3F842}.Debug|x86.Build.0 = Debug|x86
		{F22C083D-1F17-48AD-BB8F-FDEC6BD3F842}.Release|Any CPU.ActiveCfg = Release|x86
		{F22C083D-1F17-48AD-BB8F-FDEC6BD3F842}.Release|Mixed Platforms.ActiveCfg = Release|x86
		{F22C083D-1F17-48AD-BB8F-FDEC6BD3F842}.Release|Mixed Platforms.Build.0 = Release|x86
		{F22C083D-1F17-48AD-BB8F-FDEC6BD3F842}.Release|x86.ActiveCfg = Release|x86
		{F22C083D-1F17-48AD-BB8F-FDEC6BD3F842}.Release|x86.Build.0 = Release|x86
		{6A95A4E9-74EE-4331-855D-4A6ACA36ADA8}.Debug|Any CPU.ActiveCfg = Debug|x86
		{6A95A4E9-74EE-4331-855D-4A6ACA36ADA8}.Debug|Mixed Platforms.ActiveCfg = Debug|x86
		{6A95A4E9-74EE-4331-855D-4A6ACA36ADA8}.Debug|Mixed Platforms.Build.0 = Debug|x86
		{6A95A4E9-74EE-4331-855D-4A6ACA36ADA8}.Debug|x86.ActiveCfg = Debug|x86
		{6A95A4E9-74EE-4331-855D-4A6ACA36ADA8}.Debug|x86.Build.0 = Debug|x86
		{6A95A4E9-74EE-4331-855D-4A6ACA36ADA8}.Release|Any CPU.ActiveCfg = Release|x86
		{6A95A4E9-74EE-4331-855D-4A6ACA36ADA8}.Release|Mixed Platforms.ActiveCfg = Release|x86
		{6A95A4E9-74EE-4331-855D-4A6ACA36ADA8}.Release|Mixed Platforms.Build.0 = Release|x86
		{6A95A4E9-74EE-4331-855D-4A6ACA36ADA8}.Release|x86.ActiveCfg = Release|x86
		{6A95A4E9-74EE-4331-855D-4A6ACA36ADA8}.Release|x86.Build.0 = Release|x86
		{61B60E25-2DED-449A-959D-DB7BAA500AB8}.Debug|Any CPU.ActiveCfg = Debug|x86
		{61B60E25-2DED-449A-959D-DB7BAA500AB8}.Debug|Mixed Platforms.ActiveCfg = Debug|x86
		{61B60E25-2DED-449A-959D-DB7BAA500AB8}.Debug|Mixed Platforms.Build.0 = Debug|x86
		{61B60E25-2DED-449A-959D-DB7BAA500AB8}.Debug|x86.ActiveCfg = Debug|x86
		{61B60E25-2DED-449A-959D-DB7BAA500AB8}.Debug|x86.Build.0 = Debug|x86
		{61B60E25-2DED-449A-959D-DB7BAA500AB8}.Release|Any CPU.ActiveCfg = Release|x86
		{61B60E25-2DED-449A-959D-DB7BAA500AB8}.Release|Mixed Platforms.ActiveCfg = Release|x86
		{61B60E25-2DED-449A-959D-DB7BAA500AB8}.Release|Mixed Platforms.Build.0 = Release|x86
		{61B60E25-2DED-449A-959D-DB7BAA500AB8}.Release|x86.ActiveCfg = Release|x86
		{61B60E25-2DED-449A-959D-DB7BAA500AB8}.Release|x86.Build.0 = Release|x86
		{3F38CB84-E638-4F1B-870E-1651A4AFCE2A}.Debug|Any CPU.ActiveCfg = Debug|x86
		{3F38CB84-E638-4F1B-870E-1651A4AFCE2A}.Debug|Mixed Platforms.ActiveCfg = Debug|x86
		{3F38CB84-E638-4F1B-870E-1651A4AFCE2A}.Debug|Mixed Platforms.Build.0 = Debug|x86
		{3F38CB84-E638-4F1B-870E-1651A4AFCE2A}.Debug|x86.ActiveCfg = Debug|x86
		{3F38CB84-E638-4F1B-870E-1651A4AFCE2A}.Debug|x86.Build.0 = Debug|x86
		{3F38CB84-E638-4F1B-870E-1651A4AFCE2A}.Release|Any CPU.ActiveCfg = Release|x86
		{3F38CB84-E638-4F1B-870E-1651A4AFCE2A}.Release|Mixed Platforms.ActiveCfg = Release|x86
		{3F38CB84-E638-4F1B-870E-1651A4AFCE2A}.Release|Mixed Platforms.Build.0 = Release|x86
		{3F38CB84-E638-4F1B-870E-1651A4AFCE2A}.Release|x86.ActiveCfg = Release|x86
		{3F38CB84-E638-4F1B-870E-1651A4AFCE2A}.Release|x86.Build.0 = Release|x86
		{2F759436-0551-4992-8CC8-EEEC45A7BD18}.Debug|Any CPU.ActiveCfg = Debug|x86
		{2F759436-0551-4992-8CC8-EEEC45A7BD18}.Debug|Mixed Platforms.ActiveCfg = Debug|x86
		{2F759436-0551-4992-8CC8-EEEC45A7BD18}.Debug|Mixed Platforms.Build.0 = Debug|x86
		{2F759436-0551-4992-8CC8-EEEC45A7BD18}.Debug|x86.ActiveCfg = Debug|x86
		{2F759436-0551-4992-8CC8-EEEC45A7BD18}.Debug|x86.Build.0 = Debug|x86
		{2F759436-0551-4992-8CC8-EEEC45A7BD18}.Release|Any CPU.ActiveCfg = Release|x86
		{2F759436-0551-4992-8CC8-EEEC45A7BD18}.Release|Mixed Platforms.ActiveCfg = Release|x86
		{2F759436-0551-4992-8CC8-EEEC45A7BD18}.Release|Mixed Platforms.Build.0 = Release|x86
		{2F759436-0551-4992-8CC8-EEEC45A7BD18}.Release|x86.ActiveCfg = Release|x86
		{2F759436-0551-4992-8CC8-EEEC45A7BD18}.Release|x86.Build.0 = Release|x86
		{C7D85D65-0221-45A6-A355-AB75641A4235}.Debug|Any CPU.ActiveCfg = Debug|x86
		{C7D85D65-0221-45A6-A355-AB75641A4235}.Debug|Mixed Platforms.ActiveCfg = Debug|x86
		{C7D85D65-0221-45A6-A355-AB75641A4235}.Debug|Mixed Platforms.Build.0 = Debug|x86
		{C7D85D65-0221-45A6-A355-AB75641A4235}.Debug|x86.ActiveCfg = Debug|x86
		{C7D85D65-0221-45A6-A355-AB75641A4235}.Debug|x86.Build.0 = Debug|x86
		{C7D85D65-0221-45A6-A355-AB75641A4235}.Release|Any CPU.ActiveCfg = Release|x86
		{C7D85D65-0221-45A6-A355-AB75641A4235}.Release|Mixed Platforms.ActiveCfg = Release|x86
		{C7D85D65-0221-45A6-A355-AB75641A4235}.Release|Mixed Platforms.Build.0 = Release|x86
		{C7D85D65-0221-45A6-A355-AB75641A4235}.Release|x86.ActiveCfg = Release|x86
		{C7D85D65-0221-45A6-A355-AB75641A4235}.Release|x86.Build.0 = Release|x86
		{7519B541-2764-4AE7-9EE5-90D498712D72}.Debug|Any CPU.ActiveCfg = Debug|x86
		{7519B541-2764-4AE7-9EE5-90D498712D72}.Debug|Mixed Platforms.ActiveCfg = Debug|x86
		{7519B541-2764-4AE7-9EE5-90D498712D72}.Debug|Mixed Platforms.Build.0 = Debug|x86
		{7519B541-2764-4AE7-9EE5-90D498712D72}.Debug|x86.ActiveCfg = Debug|x86
		{7519B541-2764-4AE7-9EE5-90D498712D72}.Debug|x86.Build.0 = Debug|x86
		{7519B541-2764-4AE7-9EE5-90D498712D72}.Release|Any CPU.ActiveCfg = Release|x86
		{7519B541-2764-4AE7-9EE5-90D498712D72}.Release|Mixed Platforms.ActiveCfg = Release|x86
		{7519B541-2764-4AE7-9EE5-90D498712D72}.Release|Mixed Platforms.Build.0 = Release|x86
		{7519B541-2764-4AE7-9EE5-90D498712D72}.Release|x86.ActiveCfg = Release|x86
		{7519B541-2764-4AE7-9EE5-90D498712D72}.Release|x86.Build.0 = Release|x86
		{C26E5256-40C4-4FDD-AF19-B2F088D46127}.Debug|Any CPU.ActiveCfg = Debug|Any CPU
		{C26E5256-40C4-4FDD-AF19-B2F088D46127}.Debug|Any CPU.Build.0 = Debug|Any CPU
		{C26E5256-40C4-4FDD-AF19-B2F088D46127}.Debug|Mixed Platforms.ActiveCfg = Debug|Any CPU
		{C26E5256-40C4-4FDD-AF19-B2F088D46127}.Debug|Mixed Platforms.Build.0 = Debug|Any CPU
		{C26E5256-40C4-4FDD-AF19-B2F088D46127}.Debug|x86.ActiveCfg = Debug|Any CPU
		{C26E5256-40C4-4FDD-AF19-B2F088D46127}.Release|Any CPU.ActiveCfg = Release|Any CPU
		{C26E5256-40C4-4FDD-AF19-B2F088D46127}.Release|Any CPU.Build.0 = Release|Any CPU
		{C26E5256-40C4-4FDD-AF19-B2F088D46127}.Release|Mixed Platforms.ActiveCfg = Release|Any CPU
		{C26E5256-40C4-4FDD-AF19-B2F088D46127}.Release|Mixed Platforms.Build.0 = Release|Any CPU
		{C26E5256-40C4-4FDD-AF19-B2F088D46127}.Release|x86.ActiveCfg = Release|Any CPU
		{31C837BC-43E0-4B1A-9E1A-6FFCDE2E26A6}.Debug|Any CPU.ActiveCfg = Debug|x86
		{31C837BC-43E0-4B1A-9E1A-6FFCDE2E26A6}.Debug|Mixed Platforms.ActiveCfg = Debug|x86
		{31C837BC-43E0-4B1A-9E1A-6FFCDE2E26A6}.Debug|Mixed Platforms.Build.0 = Debug|x86
		{31C837BC-43E0-4B1A-9E1A-6FFCDE2E26A6}.Debug|x86.ActiveCfg = Debug|x86
		{31C837BC-43E0-4B1A-9E1A-6FFCDE2E26A6}.Debug|x86.Build.0 = Debug|x86
		{31C837BC-43E0-4B1A-9E1A-6FFCDE2E26A6}.Release|Any CPU.ActiveCfg = Release|x86
		{31C837BC-43E0-4B1A-9E1A-6FFCDE2E26A6}.Release|Mixed Platforms.ActiveCfg = Release|x86
		{31C837BC-43E0-4B1A-9E1A-6FFCDE2E26A6}.Release|Mixed Platforms.Build.0 = Release|x86
		{31C837BC-43E0-4B1A-9E1A-6FFCDE2E26A6}.Release|x86.ActiveCfg = Release|x86
		{31C837BC-43E0-4B1A-9E1A-6FFCDE2E26A6}.Release|x86.Build.0 = Release|x86
		{16BEB928-49ED-4CF8-A41D-5795B9137C48}.Debug|Any CPU.ActiveCfg = Debug|x86
		{16BEB928-49ED-4CF8-A41D-5795B9137C48}.Debug|Mixed Platforms.ActiveCfg = Debug|x86
		{16BEB928-49ED-4CF8-A41D-5795B9137C48}.Debug|Mixed Platforms.Build.0 = Debug|x86
		{16BEB928-49ED-4CF8-A41D-5795B9137C48}.Debug|x86.ActiveCfg = Debug|x86
		{16BEB928-49ED-4CF8-A41D-5795B9137C48}.Debug|x86.Build.0 = Debug|x86
		{16BEB928-49ED-4CF8-A41D-5795B9137C48}.Release|Any CPU.ActiveCfg = Release|x86
		{16BEB928-49ED-4CF8-A41D-5795B9137C48}.Release|Mixed Platforms.ActiveCfg = Release|x86
		{16BEB928-49ED-4CF8-A41D-5795B9137C48}.Release|Mixed Platforms.Build.0 = Release|x86
		{16BEB928-49ED-4CF8-A41D-5795B9137C48}.Release|x86.ActiveCfg = Release|x86
		{16BEB928-49ED-4CF8-A41D-5795B9137C48}.Release|x86.Build.0 = Release|x86
		{42B2EBD4-6F6A-482C-9430-79CEACD43DD8}.Debug|Any CPU.ActiveCfg = Debug|x86
		{42B2EBD4-6F6A-482C-9430-79CEACD43DD8}.Debug|Mixed Platforms.ActiveCfg = Debug|x86
		{42B2EBD4-6F6A-482C-9430-79CEACD43DD8}.Debug|Mixed Platforms.Build.0 = Debug|x86
		{42B2EBD4-6F6A-482C-9430-79CEACD43DD8}.Debug|x86.ActiveCfg = Debug|x86
		{42B2EBD4-6F6A-482C-9430-79CEACD43DD8}.Debug|x86.Build.0 = Debug|x86
		{42B2EBD4-6F6A-482C-9430-79CEACD43DD8}.Release|Any CPU.ActiveCfg = Release|x86
		{42B2EBD4-6F6A-482C-9430-79CEACD43DD8}.Release|Mixed Platforms.ActiveCfg = Release|x86
		{42B2EBD4-6F6A-482C-9430-79CEACD43DD8}.Release|Mixed Platforms.Build.0 = Release|x86
		{42B2EBD4-6F6A-482C-9430-79CEACD43DD8}.Release|x86.ActiveCfg = Release|x86
		{42B2EBD4-6F6A-482C-9430-79CEACD43DD8}.Release|x86.Build.0 = Release|x86
		{B842CDD0-B75C-4A73-AA81-9B1BA4DF3677}.Debug|Any CPU.ActiveCfg = Debug|x86
		{B842CDD0-B75C-4A73-AA81-9B1BA4DF3677}.Debug|Mixed Platforms.ActiveCfg = Debug|x86
		{B842CDD0-B75C-4A73-AA81-9B1BA4DF3677}.Debug|Mixed Platforms.Build.0 = Debug|x86
		{B842CDD0-B75C-4A73-AA81-9B1BA4DF3677}.Debug|x86.ActiveCfg = Debug|x86
		{B842CDD0-B75C-4A73-AA81-9B1BA4DF3677}.Debug|x86.Build.0 = Debug|x86
		{B842CDD0-B75C-4A73-AA81-9B1BA4DF3677}.Release|Any CPU.ActiveCfg = Release|x86
		{B842CDD0-B75C-4A73-AA81-9B1BA4DF3677}.Release|Mixed Platforms.ActiveCfg = Release|x86
		{B842CDD0-B75C-4A73-AA81-9B1BA4DF3677}.Release|Mixed Platforms.Build.0 = Release|x86
		{B842CDD0-B75C-4A73-AA81-9B1BA4DF3677}.Release|x86.ActiveCfg = Release|x86
		{B842CDD0-B75C-4A73-AA81-9B1BA4DF3677}.Release|x86.Build.0 = Release|x86
		{9658761C-B9DD-4DB2-B1A6-5EE367589C5D}.Debug|Any CPU.ActiveCfg = Debug|x86
		{9658761C-B9DD-4DB2-B1A6-5EE367589C5D}.Debug|Mixed Platforms.ActiveCfg = Debug|x86
		{9658761C-B9DD-4DB2-B1A6-5EE367589C5D}.Debug|Mixed Platforms.Build.0 = Debug|x86
		{9658761C-B9DD-4DB2-B1A6-5EE367589C5D}.Debug|x86.ActiveCfg = Debug|x86
		{9658761C-B9DD-4DB2-B1A6-5EE367589C5D}.Debug|x86.Build.0 = Debug|x86
		{9658761C-B9DD-4DB2-B1A6-5EE367589C5D}.Release|Any CPU.ActiveCfg = Release|x86
		{9658761C-B9DD-4DB2-B1A6-5EE367589C5D}.Release|Mixed Platforms.ActiveCfg = Release|x86
		{9658761C-B9DD-4DB2-B1A6-5EE367589C5D}.Release|Mixed Platforms.Build.0 = Release|x86
		{9658761C-B9DD-4DB2-B1A6-5EE367589C5D}.Release|x86.ActiveCfg = Release|x86
		{9658761C-B9DD-4DB2-B1A6-5EE367589C5D}.Release|x86.Build.0 = Release|x86
		{DC761586-A9DD-4C4D-B073-041CFDB92E25}.Debug|Any CPU.ActiveCfg = Debug|Any CPU
		{DC761586-A9DD-4C4D-B073-041CFDB92E25}.Debug|Any CPU.Build.0 = Debug|Any CPU
		{DC761586-A9DD-4C4D-B073-041CFDB92E25}.Debug|Mixed Platforms.ActiveCfg = Debug|Any CPU
		{DC761586-A9DD-4C4D-B073-041CFDB92E25}.Debug|Mixed Platforms.Build.0 = Debug|Any CPU
		{DC761586-A9DD-4C4D-B073-041CFDB92E25}.Debug|x86.ActiveCfg = Debug|Any CPU
		{DC761586-A9DD-4C4D-B073-041CFDB92E25}.Release|Any CPU.ActiveCfg = Release|Any CPU
		{DC761586-A9DD-4C4D-B073-041CFDB92E25}.Release|Any CPU.Build.0 = Release|Any CPU
		{DC761586-A9DD-4C4D-B073-041CFDB92E25}.Release|Mixed Platforms.ActiveCfg = Release|Any CPU
		{DC761586-A9DD-4C4D-B073-041CFDB92E25}.Release|Mixed Platforms.Build.0 = Release|Any CPU
		{DC761586-A9DD-4C4D-B073-041CFDB92E25}.Release|x86.ActiveCfg = Release|Any CPU
	EndGlobalSection
	GlobalSection(SolutionProperties) = preSolution
		HideSolutionNode = FALSE
	EndGlobalSection
	GlobalSection(NestedProjects) = preSolution
		{AF45D5E8-40CF-456B-9E40-45BA087A6EE7} = {BC4F3DFF-F87D-412A-B119-94967B5832CA}
		{F22C083D-1F17-48AD-BB8F-FDEC6BD3F842} = {BC4F3DFF-F87D-412A-B119-94967B5832CA}
		{3F38CB84-E638-4F1B-870E-1651A4AFCE2A} = {A666C33A-4F3B-40C5-A915-60D940C70E32}
		{2F759436-0551-4992-8CC8-EEEC45A7BD18} = {A666C33A-4F3B-40C5-A915-60D940C70E32}
		{C7D85D65-0221-45A6-A355-AB75641A4235} = {FC096E1E-AEFA-4DE4-9979-5B9721658CF5}
		{7519B541-2764-4AE7-9EE5-90D498712D72} = {FC096E1E-AEFA-4DE4-9979-5B9721658CF5}
		{C26E5256-40C4-4FDD-AF19-B2F088D46127} = {FC096E1E-AEFA-4DE4-9979-5B9721658CF5}
		{31C837BC-43E0-4B1A-9E1A-6FFCDE2E26A6} = {DB330BA7-6A82-4FF4-94C0-0E6D79D708CC}
		{16BEB928-49ED-4CF8-A41D-5795B9137C48} = {DB330BA7-6A82-4FF4-94C0-0E6D79D708CC}
		{42B2EBD4-6F6A-482C-9430-79CEACD43DD8} = {DB330BA7-6A82-4FF4-94C0-0E6D79D708CC}
		{B842CDD0-B75C-4A73-AA81-9B1BA4DF3677} = {DB330BA7-6A82-4FF4-94C0-0E6D79D708CC}
		{DC761586-A9DD-4C4D-B073-041CFDB92E25} = {DB330BA7-6A82-4FF4-94C0-0E6D79D708CC}
		{9658761C-B9DD-4DB2-B1A6-5EE367589C5D} = {BC97FA28-6C77-4FF8-AC44-A3A8E67AC736}
		{EB7E551E-4404-4563-8DC7-9EA456DF3D73} = {6DC4B383-4427-4481-9201-C588AC473AE3}
		{BC4F3DFF-F87D-412A-B119-94967B5832CA} = {6DC4B383-4427-4481-9201-C588AC473AE3}
		{A666C33A-4F3B-40C5-A915-60D940C70E32} = {6DC4B383-4427-4481-9201-C588AC473AE3}
		{FC096E1E-AEFA-4DE4-9979-5B9721658CF5} = {6DC4B383-4427-4481-9201-C588AC473AE3}
	EndGlobalSection
EndGlobal
