<?xml version="1.0" encoding="utf-8"?>
<Project ToolsVersion="4.0" xmlns="http://schemas.microsoft.com/developer/msbuild/2003">
  <ItemGroup>
    <Filter Include="Source Files">
      <UniqueIdentifier>{4FC737F1-C7A5-4376-A066-2A32D752A2FF}</UniqueIdentifier>
      <Extensions>cpp;c;cc;cxx;def;odl;idl;hpj;bat;asm;asmx</Extensions>
    </Filter>
    <Filter Include="Header Files">
      <UniqueIdentifier>{93995380-89BD-4b04-88EB-625FBE52EBFB}</UniqueIdentifier>
      <Extensions>h;hpp;hxx;hm;inl;inc;xsd</Extensions>
    </Filter>
    <Filter Include="Resource Files">
      <UniqueIdentifier>{67DA6AB6-F800-4c08-8B7A-83BB121AAD01}</UniqueIdentifier>
      <Extensions>rc;ico;cur;bmp;dlg;rc2;rct;bin;rgs;gif;jpg;jpeg;jpe;resx;tiff;tif;png;wav;mfcribbon-ms</Extensions>
    </Filter>
    <Filter Include="GUI">
      <UniqueIdentifier>{1c925771-72bd-426c-aeea-0e5652e3c454}</UniqueIdentifier>
    </Filter>
    <Filter Include="GUI\NativeWindow">
      <UniqueIdentifier>{59e557ea-b2d2-40c8-8dae-c39ec1df5ef8}</UniqueIdentifier>
    </Filter>
    <Filter Include="Library">
      <UniqueIdentifier>{88880809-1efb-40b2-96c5-9081bdd9618d}</UniqueIdentifier>
    </Filter>
    <Filter Include="Library\Basic">
      <UniqueIdentifier>{5503738d-4055-4af6-92fb-ac193948ce92}</UniqueIdentifier>
    </Filter>
    <Filter Include="Library\Basic\Header Files">
      <UniqueIdentifier>{a20e9066-90cc-4c66-8464-97a3c6ccbfe7}</UniqueIdentifier>
    </Filter>
    <Filter Include="Library\Basic\Source Files">
      <UniqueIdentifier>{8dc8a1ed-31ff-46b6-8df5-34344f438264}</UniqueIdentifier>
    </Filter>
    <Filter Include="Library\Collections">
      <UniqueIdentifier>{88b9a42c-2bff-435d-b8d0-30f7ceaa7d5d}</UniqueIdentifier>
    </Filter>
    <Filter Include="Library\Collections\Header Files">
      <UniqueIdentifier>{e6e2b3db-dcdc-4467-b0a5-9328b16b4604}</UniqueIdentifier>
    </Filter>
    <Filter Include="Library\Collections\Source Files">
      <UniqueIdentifier>{b767e0f5-9bac-47e2-aed1-4e914095554c}</UniqueIdentifier>
    </Filter>
    <Filter Include="Library\Stream">
      <UniqueIdentifier>{654a0efd-64de-43fb-bcea-9927b0251eac}</UniqueIdentifier>
    </Filter>
    <Filter Include="Library\Stream\Header Files">
      <UniqueIdentifier>{5a62e529-17cb-4b98-93cf-23aef79744bd}</UniqueIdentifier>
    </Filter>
    <Filter Include="Library\Stream\Source Files">
      <UniqueIdentifier>{d0726da6-a52a-4051-bae9-565acc14f733}</UniqueIdentifier>
    </Filter>
    <Filter Include="GUI\NativeWindow\Windows">
      <UniqueIdentifier>{aa8bc886-141d-4589-a18c-dbc3ce9a28cd}</UniqueIdentifier>
    </Filter>
    <Filter Include="GUI\NativeWindow\Windows\GDI">
      <UniqueIdentifier>{007d438e-2c4b-4b1b-9f11-8750257c99ab}</UniqueIdentifier>
    </Filter>
  </ItemGroup>
  <ItemGroup>
    <ClCompile Include="Main.cpp">
      <Filter>Source Files</Filter>
    </ClCompile>
    <ClCompile Include="..\..\..\..\Library\Basic.cpp">
      <Filter>Library\Basic\Source Files</Filter>
    </ClCompile>
    <ClCompile Include="..\..\..\..\Library\Exception.cpp">
      <Filter>Library\Basic\Source Files</Filter>
    </ClCompile>
    <ClCompile Include="..\..\..\..\Library\String.cpp">
      <Filter>Library\Basic\Source Files</Filter>
    </ClCompile>
    <ClCompile Include="..\..\..\..\Library\Collections\Operation.cpp">
      <Filter>Library\Collections\Source Files</Filter>
    </ClCompile>
    <ClCompile Include="..\..\..\..\Library\Stream\Accessor.cpp">
      <Filter>Library\Stream\Source Files</Filter>
    </ClCompile>
    <ClCompile Include="..\..\..\..\Library\Stream\CharFormat.cpp">
      <Filter>Library\Stream\Source Files</Filter>
    </ClCompile>
    <ClCompile Include="..\..\..\..\Library\Stream\FileStream.cpp">
      <Filter>Library\Stream\Source Files</Filter>
    </ClCompile>
    <ClCompile Include="..\..\GUI\NativeWindow\GuiNativeWindow.cpp">
      <Filter>GUI\NativeWindow</Filter>
    </ClCompile>
    <ClCompile Include="..\..\GUI\NativeWindow\Windows\WinNativeWindow.cpp">
      <Filter>GUI\NativeWindow\Windows</Filter>
    </ClCompile>
    <ClCompile Include="..\..\GUI\NativeWindow\Windows\GDI\WinGDIApplication.cpp">
      <Filter>GUI\NativeWindow\Windows\GDI</Filter>
    </ClCompile>
    <ClCompile Include="..\..\GUI\NativeWindow\Windows\GDI\WinGDI.cpp">
      <Filter>GUI\NativeWindow\Windows\GDI</Filter>
    </ClCompile>
    <ClCompile Include="..\..\GUI\NativeWindow\Windows\GDI\WinGDIElement.cpp">
      <Filter>GUI\NativeWindow\Windows\GDI</Filter>
    </ClCompile>
    <ClCompile Include="..\..\GUI\NativeWindow\Windows\GDI\WinGDISimpleElement.cpp">
      <Filter>GUI\NativeWindow\Windows\GDI</Filter>
    </ClCompile>
  </ItemGroup>
  <ItemGroup>
    <ClInclude Include="..\..\..\..\Library\Basic.h">
      <Filter>Library\Basic\Header Files</Filter>
    </ClInclude>
    <ClInclude Include="..\..\..\..\Library\Event.h">
      <Filter>Library\Basic\Header Files</Filter>
    </ClInclude>
    <ClInclude Include="..\..\..\..\Library\Exception.h">
      <Filter>Library\Basic\Header Files</Filter>
    </ClInclude>
    <ClInclude Include="..\..\..\..\Library\Function.h">
      <Filter>Library\Basic\Header Files</Filter>
    </ClInclude>
    <ClInclude Include="..\..\..\..\Library\Pointer.h">
      <Filter>Library\Basic\Header Files</Filter>
    </ClInclude>
    <ClInclude Include="..\..\..\..\Library\String.h">
      <Filter>Library\Basic\Header Files</Filter>
    </ClInclude>
    <ClInclude Include="..\..\..\..\Library\Collections\Dictionary.h">
      <Filter>Library\Collections\Header Files</Filter>
    </ClInclude>
    <ClInclude Include="..\..\..\..\Library\Collections\DictionaryWrappers.h">
      <Filter>Library\Collections\Header Files</Filter>
    </ClInclude>
    <ClInclude Include="..\..\..\..\Library\Collections\Interfaces.h">
      <Filter>Library\Collections\Header Files</Filter>
    </ClInclude>
    <ClInclude Include="..\..\..\..\Library\Collections\List.h">
      <Filter>Library\Collections\Header Files</Filter>
    </ClInclude>
    <ClInclude Include="..\..\..\..\Library\Collections\ListWrappers.h">
      <Filter>Library\Collections\Header Files</Filter>
    </ClInclude>
    <ClInclude Include="..\..\..\..\Library\Collections\Operation.h">
      <Filter>Library\Collections\Header Files</Filter>
    </ClInclude>
    <ClInclude Include="..\..\..\..\Library\Collections\OperationAggregate.h">
      <Filter>Library\Collections\Header Files</Filter>
    </ClInclude>
    <ClInclude Include="..\..\..\..\Library\Collections\OperationConcat.h">
      <Filter>Library\Collections\Header Files</Filter>
    </ClInclude>
    <ClInclude Include="..\..\..\..\Library\Collections\OperationCopyFrom.h">
      <Filter>Library\Collections\Header Files</Filter>
    </ClInclude>
    <ClInclude Include="..\..\..\..\Library\Collections\OperationEnumerable.h">
      <Filter>Library\Collections\Header Files</Filter>
    </ClInclude>
    <ClInclude Include="..\..\..\..\Library\Collections\OperationForEach.h">
      <Filter>Library\Collections\Header Files</Filter>
    </ClInclude>
    <ClInclude Include="..\..\..\..\Library\Collections\OperationPair.h">
      <Filter>Library\Collections\Header Files</Filter>
    </ClInclude>
    <ClInclude Include="..\..\..\..\Library\Collections\OperationSelect.h">
      <Filter>Library\Collections\Header Files</Filter>
    </ClInclude>
    <ClInclude Include="..\..\..\..\Library\Collections\OperationSequence.h">
      <Filter>Library\Collections\Header Files</Filter>
    </ClInclude>
    <ClInclude Include="..\..\..\..\Library\Collections\OperationSet.h">
      <Filter>Library\Collections\Header Files</Filter>
    </ClInclude>
    <ClInclude Include="..\..\..\..\Library\Collections\OperationString.h">
      <Filter>Library\Collections\Header Files</Filter>
    </ClInclude>
    <ClInclude Include="..\..\..\..\Library\Collections\OperationWhere.h">
      <Filter>Library\Collections\Header Files</Filter>
    </ClInclude>
    <ClInclude Include="..\..\..\..\Library\Collections\Pair.h">
      <Filter>Library\Collections\Header Files</Filter>
    </ClInclude>
    <ClInclude Include="..\..\..\..\Library\Stream\Accessor.h">
      <Filter>Library\Stream\Header Files</Filter>
    </ClInclude>
    <ClInclude Include="..\..\..\..\Library\Stream\CharFormat.h">
      <Filter>Library\Stream\Header Files</Filter>
    </ClInclude>
    <ClInclude Include="..\..\..\..\Library\Stream\FileStream.h">
      <Filter>Library\Stream\Header Files</Filter>
    </ClInclude>
    <ClInclude Include="..\..\..\..\Library\Stream\Interfaces.h">
      <Filter>Library\Stream\Header Files</Filter>
    </ClInclude>
    <ClInclude Include="..\..\GUI\NativeWindow\GuiNativeWindow.h">
      <Filter>GUI\NativeWindow</Filter>
    </ClInclude>
    <ClInclude Include="..\..\GUI\NativeWindow\GuiTypes.h">
      <Filter>GUI\NativeWindow</Filter>
    </ClInclude>
    <ClInclude Include="..\..\GUI\NativeWindow\Windows\WinNativeWindow.h">
      <Filter>GUI\NativeWindow\Windows</Filter>
    </ClInclude>
    <ClInclude Include="..\..\GUI\NativeWindow\Windows\GDI\WinGDIApplication.h">
      <Filter>GUI\NativeWindow\Windows\GDI</Filter>
    </ClInclude>
    <ClInclude Include="..\..\GUI\NativeWindow\Windows\GDI\WinGDI.h">
      <Filter>GUI\NativeWindow\Windows\GDI</Filter>
    </ClInclude>
    <ClInclude Include="..\..\GUI\NativeWindow\Windows\GDI\WinGDIElement.h">
      <Filter>GUI\NativeWindow\Windows\GDI</Filter>
    </ClInclude>
    <ClInclude Include="..\..\GUI\NativeWindow\Windows\GDI\WinGDISimpleElement.h">
      <Filter>GUI\NativeWindow\Windows\GDI</Filter>
    </ClInclude>
  </ItemGroup>
</Project>