
Microsoft Visual Studio Solution File, Format Version 11.00
# Visual Studio 2010
Project("{8BC9CEB8-8B4A-11D0-8D11-00A0C91BC942}") = "_GenPDB", "_GenPDB\_GenPDB.vcxproj", "{A5A7F93B-7B6C-486B-897F-5E22ED57F914}"
EndProject
Project("{8BC9CEB8-8B4A-11D0-8D11-00A0C91BC942}") = "GacUI", "GacUI\GacUI.vcxproj", "{9D8D3B9C-6123-4A6A-91EC-FB024AA1AB77}"
EndProject
Project("{8BC9CEB8-8B4A-11D0-8D11-00A0C91BC942}") = "_TranslatePDBtoXML", "_TranslatePDBtoXML\_TranslatePDBtoXML.vcxproj", "{5663EC70-A905-4535-A29A-E6915D9B278B}"
EndProject
Project("{FAE04EC0-301F-11D3-BF4B-00C04F79EFBC}") = "_TranslateXMLtoCode", "_TranslateXMLtoCode\_TranslateXMLtoCode.csproj", "{A52FCF8F-2D0C-4853-BD4A-64F25A44038F}"
EndProject
Global
	GlobalSection(TeamFoundationVersionControl) = preSolution
		SccNumberOfProjects = 5
		SccEnterpriseProvider = {4CA58AB2-18FA-4F8D-95D4-32DDF27D184C}
		SccTeamFoundationServer = https://tfs.codeplex.com/tfs/tfs02
		SccLocalPath0 = .
		SccProjectUniqueName1 = _GenPDB\\_GenPDB.vcxproj
		SccProjectName1 = _GenPDB
		SccLocalPath1 = _GenPDB
		SccProjectUniqueName2 = GacUI\\GacUI.vcxproj
		SccProjectName2 = GacUI
		SccLocalPath2 = GacUI
		SccProjectUniqueName3 = _TranslatePDBtoXML\\_TranslatePDBtoXML.vcxproj
		SccProjectName3 = _TranslatePDBtoXML
		SccLocalPath3 = _TranslatePDBtoXML
		SccProjectUniqueName4 = _TranslateXMLtoCode\\_TranslateXMLtoCode.csproj
		SccProjectName4 = _TranslateXMLtoCode
		SccLocalPath4 = _TranslateXMLtoCode
	EndGlobalSection
	GlobalSection(SolutionConfigurationPlatforms) = preSolution
		Debug|Mixed Platforms = Debug|Mixed Platforms
		Debug|Win32 = Debug|Win32
		Debug|x86 = Debug|x86
		Release|Mixed Platforms = Release|Mixed Platforms
		Release|Win32 = Release|Win32
		Release|x86 = Release|x86
	EndGlobalSection
	GlobalSection(ProjectConfigurationPlatforms) = postSolution
		{A5A7F93B-7B6C-486B-897F-5E22ED57F914}.Debug|Mixed Platforms.ActiveCfg = Debug|Win32
		{A5A7F93B-7B6C-486B-897F-5E22ED57F914}.Debug|Mixed Platforms.Build.0 = Debug|Win32
		{A5A7F93B-7B6C-486B-897F-5E22ED57F914}.Debug|Win32.ActiveCfg = Debug|Win32
		{A5A7F93B-7B6C-486B-897F-5E22ED57F914}.Debug|Win32.Build.0 = Debug|Win32
		{A5A7F93B-7B6C-486B-897F-5E22ED57F914}.Debug|x86.ActiveCfg = Debug|Win32
		{A5A7F93B-7B6C-486B-897F-5E22ED57F914}.Release|Mixed Platforms.ActiveCfg = Release|Win32
		{A5A7F93B-7B6C-486B-897F-5E22ED57F914}.Release|Mixed Platforms.Build.0 = Release|Win32
		{A5A7F93B-7B6C-486B-897F-5E22ED57F914}.Release|Win32.ActiveCfg = Release|Win32
		{A5A7F93B-7B6C-486B-897F-5E22ED57F914}.Release|Win32.Build.0 = Release|Win32
		{A5A7F93B-7B6C-486B-897F-5E22ED57F914}.Release|x86.ActiveCfg = Release|Win32
		{9D8D3B9C-6123-4A6A-91EC-FB024AA1AB77}.Debug|Mixed Platforms.ActiveCfg = Debug|Win32
		{9D8D3B9C-6123-4A6A-91EC-FB024AA1AB77}.Debug|Mixed Platforms.Build.0 = Debug|Win32
		{9D8D3B9C-6123-4A6A-91EC-FB024AA1AB77}.Debug|Win32.ActiveCfg = Debug|Win32
		{9D8D3B9C-6123-4A6A-91EC-FB024AA1AB77}.Debug|Win32.Build.0 = Debug|Win32
		{9D8D3B9C-6123-4A6A-91EC-FB024AA1AB77}.Debug|x86.ActiveCfg = Debug|Win32
		{9D8D3B9C-6123-4A6A-91EC-FB024AA1AB77}.Release|Mixed Platforms.ActiveCfg = Release|Win32
		{9D8D3B9C-6123-4A6A-91EC-FB024AA1AB77}.Release|Mixed Platforms.Build.0 = Release|Win32
		{9D8D3B9C-6123-4A6A-91EC-FB024AA1AB77}.Release|Win32.ActiveCfg = Release|Win32
		{9D8D3B9C-6123-4A6A-91EC-FB024AA1AB77}.Release|Win32.Build.0 = Release|Win32
		{9D8D3B9C-6123-4A6A-91EC-FB024AA1AB77}.Release|x86.ActiveCfg = Release|Win32
		{5663EC70-A905-4535-A29A-E6915D9B278B}.Debug|Mixed Platforms.ActiveCfg = Debug|Win32
		{5663EC70-A905-4535-A29A-E6915D9B278B}.Debug|Mixed Platforms.Build.0 = Debug|Win32
		{5663EC70-A905-4535-A29A-E6915D9B278B}.Debug|Win32.ActiveCfg = Debug|Win32
		{5663EC70-A905-4535-A29A-E6915D9B278B}.Debug|Win32.Build.0 = Debug|Win32
		{5663EC70-A905-4535-A29A-E6915D9B278B}.Debug|x86.ActiveCfg = Debug|Win32
		{5663EC70-A905-4535-A29A-E6915D9B278B}.Release|Mixed Platforms.ActiveCfg = Release|Win32
		{5663EC70-A905-4535-A29A-E6915D9B278B}.Release|Mixed Platforms.Build.0 = Release|Win32
		{5663EC70-A905-4535-A29A-E6915D9B278B}.Release|Win32.ActiveCfg = Release|Win32
		{5663EC70-A905-4535-A29A-E6915D9B278B}.Release|Win32.Build.0 = Release|Win32
		{5663EC70-A905-4535-A29A-E6915D9B278B}.Release|x86.ActiveCfg = Release|Win32
		{A52FCF8F-2D0C-4853-BD4A-64F25A44038F}.Debug|Mixed Platforms.ActiveCfg = Debug|x86
		{A52FCF8F-2D0C-4853-BD4A-64F25A44038F}.Debug|Mixed Platforms.Build.0 = Debug|x86
		{A52FCF8F-2D0C-4853-BD4A-64F25A44038F}.Debug|Win32.ActiveCfg = Debug|x86
		{A52FCF8F-2D0C-4853-BD4A-64F25A44038F}.Debug|x86.ActiveCfg = Debug|x86
		{A52FCF8F-2D0C-4853-BD4A-64F25A44038F}.Debug|x86.Build.0 = Debug|x86
		{A52FCF8F-2D0C-4853-BD4A-64F25A44038F}.Release|Mixed Platforms.ActiveCfg = Release|x86
		{A52FCF8F-2D0C-4853-BD4A-64F25A44038F}.Release|Mixed Platforms.Build.0 = Release|x86
		{A52FCF8F-2D0C-4853-BD4A-64F25A44038F}.Release|Win32.ActiveCfg = Release|x86
		{A52FCF8F-2D0C-4853-BD4A-64F25A44038F}.Release|x86.ActiveCfg = Release|x86
		{A52FCF8F-2D0C-4853-BD4A-64F25A44038F}.Release|x86.Build.0 = Release|x86
	EndGlobalSection
	GlobalSection(SolutionProperties) = preSolution
		HideSolutionNode = FALSE
	EndGlobalSection
EndGlobal
