
Microsoft Visual Studio Solution File, Format Version 11.00
# Visual Studio 2010
Project("{FAE04EC0-301F-11D3-BF4B-00C04F79EFBC}") = "ConsoleDebug", "ConsoleDebug\ConsoleDebug.csproj", "{5B0D9BF5-9991-40B4-8367-4D5A0EF5B67F}"
EndProject
Project("{FAE04EC0-301F-11D3-BF4B-00C04F79EFBC}") = "FvCalculation", "FvCalculation\FvCalculation.csproj", "{F21E4754-8EBB-41E7-A2F8-12D68B0EF7A4}"
EndProject
Global
	GlobalSection(TeamFoundationVersionControl) = preSolution
		SccNumberOfProjects = 3
		SccEnterpriseProvider = {4CA58AB2-18FA-4F8D-95D4-32DDF27D184C}
		SccTeamFoundationServer = https://tfs.codeplex.com/tfs/tfs02
		SccLocalPath0 = .
		SccProjectUniqueName1 = ConsoleDebug\\ConsoleDebug.csproj
		SccProjectName1 = ConsoleDebug
		SccLocalPath1 = ConsoleDebug
		SccProjectUniqueName2 = FvCalculation\\FvCalculation.csproj
		SccProjectName2 = FvCalculation
		SccLocalPath2 = FvCalculation
	EndGlobalSection
	GlobalSection(SolutionConfigurationPlatforms) = preSolution
		Debug|Any CPU = Debug|Any CPU
		Debug|Mixed Platforms = Debug|Mixed Platforms
		Debug|x86 = Debug|x86
		Release|Any CPU = Release|Any CPU
		Release|Mixed Platforms = Release|Mixed Platforms
		Release|x86 = Release|x86
	EndGlobalSection
	GlobalSection(ProjectConfigurationPlatforms) = postSolution
		{5B0D9BF5-9991-40B4-8367-4D5A0EF5B67F}.Debug|Any CPU.ActiveCfg = Debug|x86
		{5B0D9BF5-9991-40B4-8367-4D5A0EF5B67F}.Debug|Mixed Platforms.ActiveCfg = Debug|x86
		{5B0D9BF5-9991-40B4-8367-4D5A0EF5B67F}.Debug|Mixed Platforms.Build.0 = Debug|x86
		{5B0D9BF5-9991-40B4-8367-4D5A0EF5B67F}.Debug|x86.ActiveCfg = Debug|x86
		{5B0D9BF5-9991-40B4-8367-4D5A0EF5B67F}.Debug|x86.Build.0 = Debug|x86
		{5B0D9BF5-9991-40B4-8367-4D5A0EF5B67F}.Release|Any CPU.ActiveCfg = Release|x86
		{5B0D9BF5-9991-40B4-8367-4D5A0EF5B67F}.Release|Mixed Platforms.ActiveCfg = Release|x86
		{5B0D9BF5-9991-40B4-8367-4D5A0EF5B67F}.Release|Mixed Platforms.Build.0 = Release|x86
		{5B0D9BF5-9991-40B4-8367-4D5A0EF5B67F}.Release|x86.ActiveCfg = Release|x86
		{5B0D9BF5-9991-40B4-8367-4D5A0EF5B67F}.Release|x86.Build.0 = Release|x86
		{F21E4754-8EBB-41E7-A2F8-12D68B0EF7A4}.Debug|Any CPU.ActiveCfg = Debug|Any CPU
		{F21E4754-8EBB-41E7-A2F8-12D68B0EF7A4}.Debug|Any CPU.Build.0 = Debug|Any CPU
		{F21E4754-8EBB-41E7-A2F8-12D68B0EF7A4}.Debug|Mixed Platforms.ActiveCfg = Debug|Any CPU
		{F21E4754-8EBB-41E7-A2F8-12D68B0EF7A4}.Debug|Mixed Platforms.Build.0 = Debug|Any CPU
		{F21E4754-8EBB-41E7-A2F8-12D68B0EF7A4}.Debug|x86.ActiveCfg = Debug|Any CPU
		{F21E4754-8EBB-41E7-A2F8-12D68B0EF7A4}.Release|Any CPU.ActiveCfg = Release|Any CPU
		{F21E4754-8EBB-41E7-A2F8-12D68B0EF7A4}.Release|Any CPU.Build.0 = Release|Any CPU
		{F21E4754-8EBB-41E7-A2F8-12D68B0EF7A4}.Release|Mixed Platforms.ActiveCfg = Release|Any CPU
		{F21E4754-8EBB-41E7-A2F8-12D68B0EF7A4}.Release|Mixed Platforms.Build.0 = Release|Any CPU
		{F21E4754-8EBB-41E7-A2F8-12D68B0EF7A4}.Release|x86.ActiveCfg = Release|Any CPU
	EndGlobalSection
	GlobalSection(SolutionProperties) = preSolution
		HideSolutionNode = FALSE
	EndGlobalSection
EndGlobal
