
Microsoft Visual Studio Solution File, Format Version 10.00
# Visual Studio 2008
Project("{2150E333-8FDC-42A3-9474-1A3956D46DE8}") = "Chinese", "Chinese", "{DBAD06A6-FCCF-4DD7-BD6C-FE0A9C544082}"
	ProjectSection(SolutionItems) = preProject
		Chinese\DocStyle.css = Chinese\DocStyle.css
		Chinese\index.htm = Chinese\index.htm
	EndProjectSection
EndProject
Project("{2150E333-8FDC-42A3-9474-1A3956D46DE8}") = "English", "English", "{C496AD71-B7AA-4870-AA4E-524DE824D112}"
	ProjectSection(SolutionItems) = preProject
		English\DocStyle.css = English\DocStyle.css
		English\index.htm = English\index.htm
	EndProjectSection
EndProject
Project("{2150E333-8FDC-42A3-9474-1A3956D46DE8}") = "Vczh Library++", "Vczh Library++", "{393510F5-8B03-4697-8054-D20C85DBF23C}"
	ProjectSection(SolutionItems) = preProject
		Chinese\Vczh Library++\index.htm = Chinese\Vczh Library++\index.htm
	EndProjectSection
EndProject
Project("{2150E333-8FDC-42A3-9474-1A3956D46DE8}") = "Basic", "Basic", "{3D5A6DB4-C8EA-426E-A25A-87779769ED6A}"
	ProjectSection(SolutionItems) = preProject
		Chinese\Vczh Library++\Basic\Basic.htm = Chinese\Vczh Library++\Basic\Basic.htm
		Chinese\Vczh Library++\Basic\Func.htm = Chinese\Vczh Library++\Basic\Func.htm
		Chinese\Vczh Library++\Basic\String.htm = Chinese\Vczh Library++\Basic\String.htm
	EndProjectSection
EndProject
Project("{2150E333-8FDC-42A3-9474-1A3956D46DE8}") = "Vczh Library++", "Vczh Library++", "{AE35D8E9-D52D-4CAB-90CF-FB76D734F382}"
	ProjectSection(SolutionItems) = preProject
		English\Vczh Library++\index.htm = English\Vczh Library++\index.htm
	EndProjectSection
EndProject
Project("{2150E333-8FDC-42A3-9474-1A3956D46DE8}") = "Basic", "Basic", "{7ABBA136-E3DE-4958-98A7-D3EC821AEFD2}"
	ProjectSection(SolutionItems) = preProject
		English\Vczh Library++\Basic\Basic.htm = English\Vczh Library++\Basic\Basic.htm
		English\Vczh Library++\Basic\Func.htm = English\Vczh Library++\Basic\Func.htm
		English\Vczh Library++\Basic\String.htm = English\Vczh Library++\Basic\String.htm
	EndProjectSection
EndProject
Project("{2150E333-8FDC-42A3-9474-1A3956D46DE8}") = "Collections", "Collections", "{4FC04CA9-2CDE-40FF-8C9B-E85C4BF02AE2}"
	ProjectSection(SolutionItems) = preProject
		English\Vczh Library++\Collections\Collections.htm = English\Vczh Library++\Collections\Collections.htm
		English\Vczh Library++\Collections\Interfaces.htm = English\Vczh Library++\Collections\Interfaces.htm
		English\Vczh Library++\Collections\Linq.htm = English\Vczh Library++\Collections\Linq.htm
	EndProjectSection
EndProject
Project("{2150E333-8FDC-42A3-9474-1A3956D46DE8}") = "Collections", "Collections", "{798AEB82-557A-43F8-99D2-B2F6499F0FCB}"
	ProjectSection(SolutionItems) = preProject
		Chinese\Vczh Library++\Collections\Collections.htm = Chinese\Vczh Library++\Collections\Collections.htm
		Chinese\Vczh Library++\Collections\Interfaces.htm = Chinese\Vczh Library++\Collections\Interfaces.htm
		Chinese\Vczh Library++\Collections\Linq.htm = Chinese\Vczh Library++\Collections\Linq.htm
	EndProjectSection
EndProject
Project("{2150E333-8FDC-42A3-9474-1A3956D46DE8}") = "Regex", "Regex", "{B487C5B9-637F-4CD2-BEA5-51CC6058FC58}"
	ProjectSection(SolutionItems) = preProject
		English\Vczh Library++\Regex\Regex.htm = English\Vczh Library++\Regex\Regex.htm
	EndProjectSection
EndProject
Project("{2150E333-8FDC-42A3-9474-1A3956D46DE8}") = "Regex", "Regex", "{46955078-5C1D-4731-8083-B259549D8068}"
	ProjectSection(SolutionItems) = preProject
		Chinese\Vczh Library++\Regex\Regex.htm = Chinese\Vczh Library++\Regex\Regex.htm
	EndProjectSection
EndProject
Global
	GlobalSection(TeamFoundationVersionControl) = preSolution
		SccNumberOfProjects = 1
		SccEnterpriseProvider = {4CA58AB2-18FA-4F8D-95D4-32DDF27D184C}
		SccTeamFoundationServer = https://tfs02.codeplex.com/
		SccLocalPath0 = .
	EndGlobalSection
	GlobalSection(SolutionProperties) = preSolution
		HideSolutionNode = FALSE
	EndGlobalSection
	GlobalSection(NestedProjects) = preSolution
		{393510F5-8B03-4697-8054-D20C85DBF23C} = {DBAD06A6-FCCF-4DD7-BD6C-FE0A9C544082}
		{AE35D8E9-D52D-4CAB-90CF-FB76D734F382} = {C496AD71-B7AA-4870-AA4E-524DE824D112}
		{3D5A6DB4-C8EA-426E-A25A-87779769ED6A} = {393510F5-8B03-4697-8054-D20C85DBF23C}
		{798AEB82-557A-43F8-99D2-B2F6499F0FCB} = {393510F5-8B03-4697-8054-D20C85DBF23C}
		{46955078-5C1D-4731-8083-B259549D8068} = {393510F5-8B03-4697-8054-D20C85DBF23C}
		{7ABBA136-E3DE-4958-98A7-D3EC821AEFD2} = {AE35D8E9-D52D-4CAB-90CF-FB76D734F382}
		{4FC04CA9-2CDE-40FF-8C9B-E85C4BF02AE2} = {AE35D8E9-D52D-4CAB-90CF-FB76D734F382}
		{B487C5B9-637F-4CD2-BEA5-51CC6058FC58} = {AE35D8E9-D52D-4CAB-90CF-FB76D734F382}
	EndGlobalSection
EndGlobal
