
Microsoft Visual Studio Solution File, Format Version 10.00
# Visual Studio 2008
Project("{8BC9CEB8-8B4A-11D0-8D11-00A0C91BC942}") = "StrGen", "StrGen\StrGen.vcproj", "{E388EEA7-72C8-4406-8D11-C4A50F66B4BD}"
EndProject
Global
	GlobalSection(TeamFoundationVersionControl) = preSolution
		SccNumberOfProjects = 2
		SccEnterpriseProvider = {4CA58AB2-18FA-4F8D-95D4-32DDF27D184C}
		SccTeamFoundationServer = https://tfs02.codeplex.com/
		SccLocalPath0 = .
		SccProjectUniqueName1 = StrGen\\StrGen.vcproj
		SccProjectName1 = StrGen
		SccLocalPath1 = StrGen
	EndGlobalSection
	GlobalSection(SolutionConfigurationPlatforms) = preSolution
		Debug|Win32 = Debug|Win32
		Release|Win32 = Release|Win32
	EndGlobalSection
	GlobalSection(ProjectConfigurationPlatforms) = postSolution
		{E388EEA7-72C8-4406-8D11-C4A50F66B4BD}.Debug|Win32.ActiveCfg = Debug|Win32
		{E388EEA7-72C8-4406-8D11-C4A50F66B4BD}.Debug|Win32.Build.0 = Debug|Win32
		{E388EEA7-72C8-4406-8D11-C4A50F66B4BD}.Release|Win32.ActiveCfg = Release|Win32
		{E388EEA7-72C8-4406-8D11-C4A50F66B4BD}.Release|Win32.Build.0 = Release|Win32
	EndGlobalSection
	GlobalSection(SolutionProperties) = preSolution
		HideSolutionNode = FALSE
	EndGlobalSection
EndGlobal
